// !$*UTF8*$!
{
	archiveVersion = 1;
	classes = {
	};
	objectVersion = 46;
	objects = {

/* Begin PBXBuildFile section */
		00E356F31AD99517003FC87E /* BeenTogetherTests.m in Sources */ = {isa = PBXBuildFile; fileRef = 00E356F21AD99517003FC87E /* BeenTogetherTests.m */; };
		13B07FBF1A68108700A75B9A /* Images.xcassets in Resources */ = {isa = PBXBuildFile; fileRef = 13B07FB51A68108700A75B9A /* Images.xcassets */; };
		172262E967C2843B2C451109 /* libPods-Cupid-tvOSTests.a in Frameworks */ = {isa = PBXBuildFile; fileRef = E07C6758DAF172F61641B653 /* libPods-Cupid-tvOSTests.a */; };
		17E0995B92EB27DC2C428F53 /* libPods-Cupid.a in Frameworks */ = {isa = PBXBuildFile; fileRef = F6ED815D63F4AA78F36968BE /* libPods-Cupid.a */; };
		1BA3F880F1E0519F8B3CEA81 /* libPods-Cupid-tvOS.a in Frameworks */ = {isa = PBXBuildFile; fileRef = 1FA4788D947D3431727CA4AA /* libPods-Cupid-tvOS.a */; };
		22A78B505A88A37A640D5123 /* libPods-CupidTests.a in Frameworks */ = {isa = PBXBuildFile; fileRef = B48CF14D50A412DE50CDE077 /* libPods-CupidTests.a */; };
		2D02E4BD1E0B4A84006451C7 /* Images.xcassets in Resources */ = {isa = PBXBuildFile; fileRef = 13B07FB51A68108700A75B9A /* Images.xcassets */; };
		2DCD954D1E0B4F2C00145EB5 /* BeenTogetherTests.m in Sources */ = {isa = PBXBuildFile; fileRef = 00E356F21AD99517003FC87E /* BeenTogetherTests.m */; };
		46B83CA723867E990040D1F1 /* DateExts.swift in Sources */ = {isa = PBXBuildFile; fileRef = 46B83CA623867E990040D1F1 /* DateExts.swift */; };
		6F4C6A70239818BC00F4FB4D /* EventViewController.swift in Sources */ = {isa = PBXBuildFile; fileRef = 6F4C6A6F239818BC00F4FB4D /* EventViewController.swift */; };
		6F4C6A7423981CEC00F4FB4D /* EventCollectionViewCell.swift in Sources */ = {isa = PBXBuildFile; fileRef = 6F4C6A7223981CEC00F4FB4D /* EventCollectionViewCell.swift */; };
		6F4C6A7523981CEC00F4FB4D /* EventCollectionViewCell.xib in Resources */ = {isa = PBXBuildFile; fileRef = 6F4C6A7323981CEC00F4FB4D /* EventCollectionViewCell.xib */; };
		6F846FD3239570C1008C03D3 /* Event.storyboard in Resources */ = {isa = PBXBuildFile; fileRef = 6F846FD2239570C1008C03D3 /* Event.storyboard */; };
		7F5D1C2F236FBD5B005A4961 /* UserRepository.swift in Sources */ = {isa = PBXBuildFile; fileRef = 7F5D1C21236FBD5A005A4961 /* UserRepository.swift */; };
		7F5D1C30236FBD5B005A4961 /* UserLocalDataSource.swift in Sources */ = {isa = PBXBuildFile; fileRef = 7F5D1C23236FBD5A005A4961 /* UserLocalDataSource.swift */; };
		7F5D1C31236FBD5B005A4961 /* UserRemoteDataSource.swift in Sources */ = {isa = PBXBuildFile; fileRef = 7F5D1C25236FBD5A005A4961 /* UserRemoteDataSource.swift */; };
		7F5D1C32236FBD5B005A4961 /* User.swift in Sources */ = {isa = PBXBuildFile; fileRef = 7F5D1C26236FBD5A005A4961 /* User.swift */; };
		7F5D1C34236FBE7C005A4961 /* LaunchScreen.xib in Resources */ = {isa = PBXBuildFile; fileRef = 7F5D1C33236FBE7C005A4961 /* LaunchScreen.xib */; };
		7F5D1C49236FC39C005A4961 /* MainTabBarViewModel.swift in Sources */ = {isa = PBXBuildFile; fileRef = 7F5D1C43236FC39C005A4961 /* MainTabBarViewModel.swift */; };
		7F5D1C4A236FC39C005A4961 /* MainTabBar.storyboard in Resources */ = {isa = PBXBuildFile; fileRef = 7F5D1C44236FC39C005A4961 /* MainTabBar.storyboard */; };
		7F5D1C4B236FC39C005A4961 /* MainTabBarViewController.swift in Sources */ = {isa = PBXBuildFile; fileRef = 7F5D1C46236FC39C005A4961 /* MainTabBarViewController.swift */; };
		7F5D1C4C236FC39C005A4961 /* MainTabBarNavigator.swift in Sources */ = {isa = PBXBuildFile; fileRef = 7F5D1C48236FC39C005A4961 /* MainTabBarNavigator.swift */; };
		7F5D1C5C236FC429005A4961 /* TaskNavigator.swift in Sources */ = {isa = PBXBuildFile; fileRef = 7F5D1C56236FC429005A4961 /* TaskNavigator.swift */; };
		7F5D1C5D236FC429005A4961 /* Task.storyboard in Resources */ = {isa = PBXBuildFile; fileRef = 7F5D1C57236FC429005A4961 /* Task.storyboard */; };
		7F5D1C5E236FC429005A4961 /* TaskViewModel.swift in Sources */ = {isa = PBXBuildFile; fileRef = 7F5D1C59236FC429005A4961 /* TaskViewModel.swift */; };
		7F5D1C5F236FC429005A4961 /* TaskViewController.swift in Sources */ = {isa = PBXBuildFile; fileRef = 7F5D1C5B236FC429005A4961 /* TaskViewController.swift */; };
		7F5D1C6F236FC441005A4961 /* DatingViewController.swift in Sources */ = {isa = PBXBuildFile; fileRef = 7F5D1C69236FC441005A4961 /* DatingViewController.swift */; };
		7F5D1C70236FC441005A4961 /* Dating.storyboard in Resources */ = {isa = PBXBuildFile; fileRef = 7F5D1C6A236FC441005A4961 /* Dating.storyboard */; };
		7F5D1C71236FC441005A4961 /* DatingViewModel.swift in Sources */ = {isa = PBXBuildFile; fileRef = 7F5D1C6C236FC441005A4961 /* DatingViewModel.swift */; };
		7F5D1C72236FC441005A4961 /* DatingNavigator.swift in Sources */ = {isa = PBXBuildFile; fileRef = 7F5D1C6E236FC441005A4961 /* DatingNavigator.swift */; };
		7F5D1C82236FC452005A4961 /* ProfileNavigator.swift in Sources */ = {isa = PBXBuildFile; fileRef = 7F5D1C7C236FC452005A4961 /* ProfileNavigator.swift */; };
		7F5D1C83236FC452005A4961 /* ProfileViewModel.swift in Sources */ = {isa = PBXBuildFile; fileRef = 7F5D1C7E236FC452005A4961 /* ProfileViewModel.swift */; };
		7F5D1C84236FC452005A4961 /* Profile.storyboard in Resources */ = {isa = PBXBuildFile; fileRef = 7F5D1C7F236FC452005A4961 /* Profile.storyboard */; };
		7F5D1C85236FC452005A4961 /* ProfileViewController.swift in Sources */ = {isa = PBXBuildFile; fileRef = 7F5D1C81236FC452005A4961 /* ProfileViewController.swift */; };
		7FB507DA236FCB3400A00CF6 /* LoadingNavigator.swift in Sources */ = {isa = PBXBuildFile; fileRef = 7FB507D4236FCB3400A00CF6 /* LoadingNavigator.swift */; };
		7FB507DB236FCB3400A00CF6 /* Loading.storyboard in Resources */ = {isa = PBXBuildFile; fileRef = 7FB507D5236FCB3400A00CF6 /* Loading.storyboard */; };
		7FB507DC236FCB3400A00CF6 /* LoadingViewModel.swift in Sources */ = {isa = PBXBuildFile; fileRef = 7FB507D7236FCB3400A00CF6 /* LoadingViewModel.swift */; };
		7FB507DD236FCB3400A00CF6 /* LoadingViewController.swift in Sources */ = {isa = PBXBuildFile; fileRef = 7FB507D9236FCB3400A00CF6 /* LoadingViewController.swift */; };
		7FF7E784236FD3AA006AC2BF /* SwiftyJSON.framework in Frameworks */ = {isa = PBXBuildFile; fileRef = 7FF7E780236FD3AA006AC2BF /* SwiftyJSON.framework */; };
		7FF7E785236FD3AA006AC2BF /* XCGLogger.framework in Frameworks */ = {isa = PBXBuildFile; fileRef = 7FF7E781236FD3AA006AC2BF /* XCGLogger.framework */; };
		7FF7E786236FD3AA006AC2BF /* ObjcExceptionBridging.framework in Frameworks */ = {isa = PBXBuildFile; fileRef = 7FF7E782236FD3AA006AC2BF /* ObjcExceptionBridging.framework */; };
		7FF7E787236FD3AA006AC2BF /* DeviceKit.framework in Frameworks */ = {isa = PBXBuildFile; fileRef = 7FF7E783236FD3AA006AC2BF /* DeviceKit.framework */; };
		7FF7E78B236FD718006AC2BF /* StoryboardExt.swift in Sources */ = {isa = PBXBuildFile; fileRef = 7FF7E78A236FD718006AC2BF /* StoryboardExt.swift */; };
		7FF7E78E236FD722006AC2BF /* ScrollViewExt.swift in Sources */ = {isa = PBXBuildFile; fileRef = 7FF7E78C236FD722006AC2BF /* ScrollViewExt.swift */; };
		7FF7E78F236FD722006AC2BF /* CollectionViewExt.swift in Sources */ = {isa = PBXBuildFile; fileRef = 7FF7E78D236FD722006AC2BF /* CollectionViewExt.swift */; };
		7FF7E791236FD7AC006AC2BF /* TableViewExt.swift in Sources */ = {isa = PBXBuildFile; fileRef = 7FF7E790236FD7AC006AC2BF /* TableViewExt.swift */; };
		7FF7E793236FD7E1006AC2BF /* Logger.swift in Sources */ = {isa = PBXBuildFile; fileRef = 7FF7E792236FD7E1006AC2BF /* Logger.swift */; };
		7FF7E795236FD7E7006AC2BF /* Constants.swift in Sources */ = {isa = PBXBuildFile; fileRef = 7FF7E794236FD7E7006AC2BF /* Constants.swift */; };
		7FF7E797236FD7EE006AC2BF /* AppService.swift in Sources */ = {isa = PBXBuildFile; fileRef = 7FF7E796236FD7EE006AC2BF /* AppService.swift */; };
		7FF7E7A2236FDA09006AC2BF /* Localizable.strings in Resources */ = {isa = PBXBuildFile; fileRef = 7FF7E7A4236FDA09006AC2BF /* Localizable.strings */; };
		7FF7E7A7236FDA36006AC2BF /* L10n-Constants.swift in Sources */ = {isa = PBXBuildFile; fileRef = 7FF7E7A6236FDA35006AC2BF /* L10n-Constants.swift */; };
		B607DB2E239949BB00C7509F /* LocationViewController.swift in Sources */ = {isa = PBXBuildFile; fileRef = B607DB2D239949BB00C7509F /* LocationViewController.swift */; };
		B607DB3123994CC900C7509F /* LocationViewModel.swift in Sources */ = {isa = PBXBuildFile; fileRef = B607DB3023994CC900C7509F /* LocationViewModel.swift */; };
		B607DB332399523E00C7509F /* MapAnotation.swift in Sources */ = {isa = PBXBuildFile; fileRef = B607DB322399523E00C7509F /* MapAnotation.swift */; };
		B6559E75239A978B00FD6893 /* LocationServices.swift in Sources */ = {isa = PBXBuildFile; fileRef = B6559E74239A978B00FD6893 /* LocationServices.swift */; };
		B67252272397FC1E00E13339 /* RemoteMessage.swift in Sources */ = {isa = PBXBuildFile; fileRef = B67252262397FC1E00E13339 /* RemoteMessage.swift */; };
		B68CD034239B3FDC000BA1D8 /* LocationNavigator.swift in Sources */ = {isa = PBXBuildFile; fileRef = B68CD033239B3FDC000BA1D8 /* LocationNavigator.swift */; };
		B68CD036239B8A75000BA1D8 /* LoverLocationViewer.swift in Sources */ = {isa = PBXBuildFile; fileRef = B68CD035239B8A75000BA1D8 /* LoverLocationViewer.swift */; };
		B68CD039239B95D2000BA1D8 /* EmojiCollection.swift in Sources */ = {isa = PBXBuildFile; fileRef = B68CD038239B95D2000BA1D8 /* EmojiCollection.swift */; };
		B68CD03B239B95E2000BA1D8 /* EmojiCell.swift in Sources */ = {isa = PBXBuildFile; fileRef = B68CD03A239B95E2000BA1D8 /* EmojiCell.swift */; };
		B68E245823922C860014A53E /* MessageRepository.swift in Sources */ = {isa = PBXBuildFile; fileRef = B68E245723922C860014A53E /* MessageRepository.swift */; };
		B68E245A23922EE60014A53E /* MessageRemoteDataSource.swift in Sources */ = {isa = PBXBuildFile; fileRef = B68E245923922EE60014A53E /* MessageRemoteDataSource.swift */; };
		B68E245D239230420014A53E /* MessageApi.swift in Sources */ = {isa = PBXBuildFile; fileRef = B68E245C239230420014A53E /* MessageApi.swift */; };
		B68E245F239235620014A53E /* APIConfig.swift in Sources */ = {isa = PBXBuildFile; fileRef = B68E245E239235620014A53E /* APIConfig.swift */; };
		B68E246323924AC10014A53E /* GoogleService-Info.plist in Resources */ = {isa = PBXBuildFile; fileRef = B68E246223924AC10014A53E /* GoogleService-Info.plist */; };
		B68E248A2392712B0014A53E /* MessageViewModel.swift in Sources */ = {isa = PBXBuildFile; fileRef = B68E24752392712B0014A53E /* MessageViewModel.swift */; };
		B68E248B2392712B0014A53E /* Message.storyboard in Resources */ = {isa = PBXBuildFile; fileRef = B68E24762392712B0014A53E /* Message.storyboard */; };
		B68E248C2392712B0014A53E /* SmartChat.swift in Sources */ = {isa = PBXBuildFile; fileRef = B68E24792392712B0014A53E /* SmartChat.swift */; };
		B68E248D2392712B0014A53E /* Message.swift in Sources */ = {isa = PBXBuildFile; fileRef = B68E247B2392712B0014A53E /* Message.swift */; };
		B68E248E2392712B0014A53E /* SCUser.swift in Sources */ = {isa = PBXBuildFile; fileRef = B68E247C2392712B0014A53E /* SCUser.swift */; };
		B68E248F2392712B0014A53E /* ActionsView.swift in Sources */ = {isa = PBXBuildFile; fileRef = B68E247E2392712B0014A53E /* ActionsView.swift */; };
		B68E24902392712B0014A53E /* TextMessage.swift in Sources */ = {isa = PBXBuildFile; fileRef = B68E247F2392712B0014A53E /* TextMessage.swift */; };
		B68E24912392712B0014A53E /* GalleryInput.swift in Sources */ = {isa = PBXBuildFile; fileRef = B68E24802392712B0014A53E /* GalleryInput.swift */; };
		B68E24922392712B0014A53E /* MessageTableView.swift in Sources */ = {isa = PBXBuildFile; fileRef = B68E24812392712B0014A53E /* MessageTableView.swift */; };
		B68E24932392712B0014A53E /* TextMessageCell.swift in Sources */ = {isa = PBXBuildFile; fileRef = B68E24822392712B0014A53E /* TextMessageCell.swift */; };
		B68E24942392712B0014A53E /* InputToolBar.swift in Sources */ = {isa = PBXBuildFile; fileRef = B68E24832392712B0014A53E /* InputToolBar.swift */; };
		B68E24952392712B0014A53E /* GalleryImage.swift in Sources */ = {isa = PBXBuildFile; fileRef = B68E24842392712B0014A53E /* GalleryImage.swift */; };
		B68E24962392712B0014A53E /* InputView.swift in Sources */ = {isa = PBXBuildFile; fileRef = B68E24852392712B0014A53E /* InputView.swift */; };
		B68E24972392712B0014A53E /* MessageView.swift in Sources */ = {isa = PBXBuildFile; fileRef = B68E24862392712B0014A53E /* MessageView.swift */; };
		B68E24982392712B0014A53E /* MessageViewController.swift in Sources */ = {isa = PBXBuildFile; fileRef = B68E24872392712B0014A53E /* MessageViewController.swift */; };
		B68E24992392712B0014A53E /* MessageNavigator.swift in Sources */ = {isa = PBXBuildFile; fileRef = B68E24892392712B0014A53E /* MessageNavigator.swift */; };
		B68E249B239271630014A53E /* Bubble.swift in Sources */ = {isa = PBXBuildFile; fileRef = B68E249A239271630014A53E /* Bubble.swift */; };
		B68E249F2392720A0014A53E /* Home.storyboard in Resources */ = {isa = PBXBuildFile; fileRef = B68E249D2392720A0014A53E /* Home.storyboard */; };
		B68E24A02392720A0014A53E /* HomeViewController.swift in Sources */ = {isa = PBXBuildFile; fileRef = B68E249E2392720A0014A53E /* HomeViewController.swift */; };
		B6972B342393D04E002EE07B /* ImageMessageCell.swift in Sources */ = {isa = PBXBuildFile; fileRef = B6972B332393D04E002EE07B /* ImageMessageCell.swift */; };
		B6972B362393D0AD002EE07B /* ImageMessage.swift in Sources */ = {isa = PBXBuildFile; fileRef = B6972B352393D0AD002EE07B /* ImageMessage.swift */; };
		B6B9D121239559F0003527B4 /* MessageStatusIndicator.swift in Sources */ = {isa = PBXBuildFile; fileRef = B6B9D120239559F0003527B4 /* MessageStatusIndicator.swift */; };
		B6E2E2E32362A7F7001046E5 /* UIViewExts.swift in Sources */ = {isa = PBXBuildFile; fileRef = B6E2E2E22362A7F7001046E5 /* UIViewExts.swift */; };
		B6E2E2E72362AB73001046E5 /* UIColorExts.swift in Sources */ = {isa = PBXBuildFile; fileRef = B6E2E2E62362AB73001046E5 /* UIColorExts.swift */; };
		B6E2E2ED2362F561001046E5 /* Avatar.swift in Sources */ = {isa = PBXBuildFile; fileRef = B6E2E2EC2362F561001046E5 /* Avatar.swift */; };
		B6F4F919234737E8002B7B36 /* AppDelegate.swift in Sources */ = {isa = PBXBuildFile; fileRef = B6F4F918234737E8002B7B36 /* AppDelegate.swift */; };
/* End PBXBuildFile section */

/* Begin PBXContainerItemProxy section */
		00E356F41AD99517003FC87E /* PBXContainerItemProxy */ = {
			isa = PBXContainerItemProxy;
			containerPortal = 83CBB9F71A601CBA00E9B192 /* Project object */;
			proxyType = 1;
			remoteGlobalIDString = 13B07F861A680F5B00A75B9A;
			remoteInfo = BeenTogether;
		};
		2D02E4911E0B4A5D006451C7 /* PBXContainerItemProxy */ = {
			isa = PBXContainerItemProxy;
			containerPortal = 83CBB9F71A601CBA00E9B192 /* Project object */;
			proxyType = 1;
			remoteGlobalIDString = 2D02E47A1E0B4A5D006451C7;
			remoteInfo = "BeenTogether-tvOS";
		};
/* End PBXContainerItemProxy section */

/* Begin PBXFileReference section */
		008F07F21AC5B25A0029DE68 /* main.jsbundle */ = {isa = PBXFileReference; fileEncoding = 4; lastKnownFileType = file; name = main.jsbundle; path = ../main.jsbundle; sourceTree = "<group>"; };
		00E356EE1AD99517003FC87E /* CupidTests.xctest */ = {isa = PBXFileReference; explicitFileType = wrapper.cfbundle; includeInIndex = 0; path = CupidTests.xctest; sourceTree = BUILT_PRODUCTS_DIR; };
		00E356F11AD99517003FC87E /* Info.plist */ = {isa = PBXFileReference; lastKnownFileType = text.plist.xml; path = Info.plist; sourceTree = "<group>"; };
		00E356F21AD99517003FC87E /* BeenTogetherTests.m */ = {isa = PBXFileReference; lastKnownFileType = sourcecode.c.objc; path = BeenTogetherTests.m; sourceTree = "<group>"; };
		1201022ECF81D73CE24AB605 /* Pods-CupidTests.debug.xcconfig */ = {isa = PBXFileReference; includeInIndex = 1; lastKnownFileType = text.xcconfig; name = "Pods-CupidTests.debug.xcconfig"; path = "Target Support Files/Pods-CupidTests/Pods-CupidTests.debug.xcconfig"; sourceTree = "<group>"; };
		13B07F961A680F5B00A75B9A /* Cupid.app */ = {isa = PBXFileReference; explicitFileType = wrapper.application; includeInIndex = 0; path = Cupid.app; sourceTree = BUILT_PRODUCTS_DIR; };
		13B07FB51A68108700A75B9A /* Images.xcassets */ = {isa = PBXFileReference; lastKnownFileType = folder.assetcatalog; path = Images.xcassets; sourceTree = "<group>"; };
		13B07FB61A68108700A75B9A /* Info.plist */ = {isa = PBXFileReference; fileEncoding = 4; lastKnownFileType = text.plist.xml; path = Info.plist; sourceTree = "<group>"; };
		1FA4788D947D3431727CA4AA /* libPods-Cupid-tvOS.a */ = {isa = PBXFileReference; explicitFileType = archive.ar; includeInIndex = 0; path = "libPods-Cupid-tvOS.a"; sourceTree = BUILT_PRODUCTS_DIR; };
		21471134800E90BF1F15E8B3 /* Pods-BeenTogether-tvOSTests.debug.xcconfig */ = {isa = PBXFileReference; includeInIndex = 1; lastKnownFileType = text.xcconfig; name = "Pods-BeenTogether-tvOSTests.debug.xcconfig"; path = "Target Support Files/Pods-BeenTogether-tvOSTests/Pods-BeenTogether-tvOSTests.debug.xcconfig"; sourceTree = "<group>"; };
		2468A578A0988E6257AAFCFE /* Pods-BeenTogetherTests.debug.xcconfig */ = {isa = PBXFileReference; includeInIndex = 1; lastKnownFileType = text.xcconfig; name = "Pods-BeenTogetherTests.debug.xcconfig"; path = "Target Support Files/Pods-BeenTogetherTests/Pods-BeenTogetherTests.debug.xcconfig"; sourceTree = "<group>"; };
		2C48C8D9AEF93AEEC7E9BB9F /* Pods-Cupid-tvOS.debug.xcconfig */ = {isa = PBXFileReference; includeInIndex = 1; lastKnownFileType = text.xcconfig; name = "Pods-Cupid-tvOS.debug.xcconfig"; path = "Target Support Files/Pods-Cupid-tvOS/Pods-Cupid-tvOS.debug.xcconfig"; sourceTree = "<group>"; };
		2D02E47B1E0B4A5D006451C7 /* Cupid-tvOS.app */ = {isa = PBXFileReference; explicitFileType = wrapper.application; includeInIndex = 0; path = "Cupid-tvOS.app"; sourceTree = BUILT_PRODUCTS_DIR; };
		2D02E4901E0B4A5D006451C7 /* Cupid-tvOSTests.xctest */ = {isa = PBXFileReference; explicitFileType = wrapper.cfbundle; includeInIndex = 0; path = "Cupid-tvOSTests.xctest"; sourceTree = BUILT_PRODUCTS_DIR; };
		37FFA031CA3C4A6B260DB914 /* Pods-BeenTogether-tvOSTests.release.xcconfig */ = {isa = PBXFileReference; includeInIndex = 1; lastKnownFileType = text.xcconfig; name = "Pods-BeenTogether-tvOSTests.release.xcconfig"; path = "Target Support Files/Pods-BeenTogether-tvOSTests/Pods-BeenTogether-tvOSTests.release.xcconfig"; sourceTree = "<group>"; };
		46B83CA623867E990040D1F1 /* DateExts.swift */ = {isa = PBXFileReference; lastKnownFileType = sourcecode.swift; path = DateExts.swift; sourceTree = "<group>"; };
		4C782350347DE81685E9C150 /* Pods-BeenTogether.debug.xcconfig */ = {isa = PBXFileReference; includeInIndex = 1; lastKnownFileType = text.xcconfig; name = "Pods-BeenTogether.debug.xcconfig"; path = "Target Support Files/Pods-BeenTogether/Pods-BeenTogether.debug.xcconfig"; sourceTree = "<group>"; };
		50F40441CB0C3AB88992F5E4 /* Pods-CupidTests.release.xcconfig */ = {isa = PBXFileReference; includeInIndex = 1; lastKnownFileType = text.xcconfig; name = "Pods-CupidTests.release.xcconfig"; path = "Target Support Files/Pods-CupidTests/Pods-CupidTests.release.xcconfig"; sourceTree = "<group>"; };
		5CC0C1EB72A73FDCB598FAC9 /* Pods-Cupid-tvOSTests.release.xcconfig */ = {isa = PBXFileReference; includeInIndex = 1; lastKnownFileType = text.xcconfig; name = "Pods-Cupid-tvOSTests.release.xcconfig"; path = "Target Support Files/Pods-Cupid-tvOSTests/Pods-Cupid-tvOSTests.release.xcconfig"; sourceTree = "<group>"; };
		6F4C6A6F239818BC00F4FB4D /* EventViewController.swift */ = {isa = PBXFileReference; lastKnownFileType = sourcecode.swift; path = EventViewController.swift; sourceTree = "<group>"; };
		6F4C6A7223981CEC00F4FB4D /* EventCollectionViewCell.swift */ = {isa = PBXFileReference; lastKnownFileType = sourcecode.swift; path = EventCollectionViewCell.swift; sourceTree = "<group>"; };
		6F4C6A7323981CEC00F4FB4D /* EventCollectionViewCell.xib */ = {isa = PBXFileReference; lastKnownFileType = file.xib; path = EventCollectionViewCell.xib; sourceTree = "<group>"; };
		6F846FD2239570C1008C03D3 /* Event.storyboard */ = {isa = PBXFileReference; lastKnownFileType = file.storyboard; path = Event.storyboard; sourceTree = "<group>"; };
		77075A41F0C5A168FB7717DD /* Pods-BeenTogether.release.xcconfig */ = {isa = PBXFileReference; includeInIndex = 1; lastKnownFileType = text.xcconfig; name = "Pods-BeenTogether.release.xcconfig"; path = "Target Support Files/Pods-BeenTogether/Pods-BeenTogether.release.xcconfig"; sourceTree = "<group>"; };
		7F5D1C21236FBD5A005A4961 /* UserRepository.swift */ = {isa = PBXFileReference; fileEncoding = 4; lastKnownFileType = sourcecode.swift; path = UserRepository.swift; sourceTree = "<group>"; };
		7F5D1C23236FBD5A005A4961 /* UserLocalDataSource.swift */ = {isa = PBXFileReference; fileEncoding = 4; lastKnownFileType = sourcecode.swift; path = UserLocalDataSource.swift; sourceTree = "<group>"; };
		7F5D1C25236FBD5A005A4961 /* UserRemoteDataSource.swift */ = {isa = PBXFileReference; fileEncoding = 4; lastKnownFileType = sourcecode.swift; path = UserRemoteDataSource.swift; sourceTree = "<group>"; };
		7F5D1C26236FBD5A005A4961 /* User.swift */ = {isa = PBXFileReference; fileEncoding = 4; lastKnownFileType = sourcecode.swift; path = User.swift; sourceTree = "<group>"; };
		7F5D1C33236FBE7C005A4961 /* LaunchScreen.xib */ = {isa = PBXFileReference; fileEncoding = 4; lastKnownFileType = file.xib; path = LaunchScreen.xib; sourceTree = "<group>"; };
		7F5D1C43236FC39C005A4961 /* MainTabBarViewModel.swift */ = {isa = PBXFileReference; fileEncoding = 4; lastKnownFileType = sourcecode.swift; path = MainTabBarViewModel.swift; sourceTree = "<group>"; };
		7F5D1C44236FC39C005A4961 /* MainTabBar.storyboard */ = {isa = PBXFileReference; fileEncoding = 4; lastKnownFileType = file.storyboard; path = MainTabBar.storyboard; sourceTree = "<group>"; };
		7F5D1C46236FC39C005A4961 /* MainTabBarViewController.swift */ = {isa = PBXFileReference; fileEncoding = 4; lastKnownFileType = sourcecode.swift; path = MainTabBarViewController.swift; sourceTree = "<group>"; };
		7F5D1C48236FC39C005A4961 /* MainTabBarNavigator.swift */ = {isa = PBXFileReference; fileEncoding = 4; lastKnownFileType = sourcecode.swift; path = MainTabBarNavigator.swift; sourceTree = "<group>"; };
		7F5D1C56236FC429005A4961 /* TaskNavigator.swift */ = {isa = PBXFileReference; fileEncoding = 4; lastKnownFileType = sourcecode.swift; path = TaskNavigator.swift; sourceTree = "<group>"; };
		7F5D1C57236FC429005A4961 /* Task.storyboard */ = {isa = PBXFileReference; fileEncoding = 4; lastKnownFileType = file.storyboard; path = Task.storyboard; sourceTree = "<group>"; };
		7F5D1C59236FC429005A4961 /* TaskViewModel.swift */ = {isa = PBXFileReference; fileEncoding = 4; lastKnownFileType = sourcecode.swift; path = TaskViewModel.swift; sourceTree = "<group>"; };
		7F5D1C5B236FC429005A4961 /* TaskViewController.swift */ = {isa = PBXFileReference; fileEncoding = 4; lastKnownFileType = sourcecode.swift; path = TaskViewController.swift; sourceTree = "<group>"; };
		7F5D1C69236FC441005A4961 /* DatingViewController.swift */ = {isa = PBXFileReference; fileEncoding = 4; lastKnownFileType = sourcecode.swift; path = DatingViewController.swift; sourceTree = "<group>"; };
		7F5D1C6A236FC441005A4961 /* Dating.storyboard */ = {isa = PBXFileReference; fileEncoding = 4; lastKnownFileType = file.storyboard; path = Dating.storyboard; sourceTree = "<group>"; };
		7F5D1C6C236FC441005A4961 /* DatingViewModel.swift */ = {isa = PBXFileReference; fileEncoding = 4; lastKnownFileType = sourcecode.swift; path = DatingViewModel.swift; sourceTree = "<group>"; };
		7F5D1C6E236FC441005A4961 /* DatingNavigator.swift */ = {isa = PBXFileReference; fileEncoding = 4; lastKnownFileType = sourcecode.swift; path = DatingNavigator.swift; sourceTree = "<group>"; };
		7F5D1C7C236FC452005A4961 /* ProfileNavigator.swift */ = {isa = PBXFileReference; fileEncoding = 4; lastKnownFileType = sourcecode.swift; path = ProfileNavigator.swift; sourceTree = "<group>"; };
		7F5D1C7E236FC452005A4961 /* ProfileViewModel.swift */ = {isa = PBXFileReference; fileEncoding = 4; lastKnownFileType = sourcecode.swift; path = ProfileViewModel.swift; sourceTree = "<group>"; };
		7F5D1C7F236FC452005A4961 /* Profile.storyboard */ = {isa = PBXFileReference; fileEncoding = 4; lastKnownFileType = file.storyboard; path = Profile.storyboard; sourceTree = "<group>"; };
		7F5D1C81236FC452005A4961 /* ProfileViewController.swift */ = {isa = PBXFileReference; fileEncoding = 4; lastKnownFileType = sourcecode.swift; path = ProfileViewController.swift; sourceTree = "<group>"; };
		7FB507D4236FCB3400A00CF6 /* LoadingNavigator.swift */ = {isa = PBXFileReference; fileEncoding = 4; lastKnownFileType = sourcecode.swift; path = LoadingNavigator.swift; sourceTree = "<group>"; };
		7FB507D5236FCB3400A00CF6 /* Loading.storyboard */ = {isa = PBXFileReference; fileEncoding = 4; lastKnownFileType = file.storyboard; path = Loading.storyboard; sourceTree = "<group>"; };
		7FB507D7236FCB3400A00CF6 /* LoadingViewModel.swift */ = {isa = PBXFileReference; fileEncoding = 4; lastKnownFileType = sourcecode.swift; path = LoadingViewModel.swift; sourceTree = "<group>"; };
		7FB507D9236FCB3400A00CF6 /* LoadingViewController.swift */ = {isa = PBXFileReference; fileEncoding = 4; lastKnownFileType = sourcecode.swift; path = LoadingViewController.swift; sourceTree = "<group>"; };
		7FF7E780236FD3AA006AC2BF /* SwiftyJSON.framework */ = {isa = PBXFileReference; lastKnownFileType = wrapper.framework; name = SwiftyJSON.framework; path = Carthage/Build/iOS/SwiftyJSON.framework; sourceTree = "<group>"; };
		7FF7E781236FD3AA006AC2BF /* XCGLogger.framework */ = {isa = PBXFileReference; lastKnownFileType = wrapper.framework; name = XCGLogger.framework; path = Carthage/Build/iOS/XCGLogger.framework; sourceTree = "<group>"; };
		7FF7E782236FD3AA006AC2BF /* ObjcExceptionBridging.framework */ = {isa = PBXFileReference; lastKnownFileType = wrapper.framework; name = ObjcExceptionBridging.framework; path = Carthage/Build/iOS/ObjcExceptionBridging.framework; sourceTree = "<group>"; };
		7FF7E783236FD3AA006AC2BF /* DeviceKit.framework */ = {isa = PBXFileReference; lastKnownFileType = wrapper.framework; name = DeviceKit.framework; path = Carthage/Build/iOS/DeviceKit.framework; sourceTree = "<group>"; };
		7FF7E78A236FD718006AC2BF /* StoryboardExt.swift */ = {isa = PBXFileReference; fileEncoding = 4; lastKnownFileType = sourcecode.swift; path = StoryboardExt.swift; sourceTree = "<group>"; };
		7FF7E78C236FD722006AC2BF /* ScrollViewExt.swift */ = {isa = PBXFileReference; fileEncoding = 4; lastKnownFileType = sourcecode.swift; path = ScrollViewExt.swift; sourceTree = "<group>"; };
		7FF7E78D236FD722006AC2BF /* CollectionViewExt.swift */ = {isa = PBXFileReference; fileEncoding = 4; lastKnownFileType = sourcecode.swift; path = CollectionViewExt.swift; sourceTree = "<group>"; };
		7FF7E790236FD7AC006AC2BF /* TableViewExt.swift */ = {isa = PBXFileReference; fileEncoding = 4; lastKnownFileType = sourcecode.swift; path = TableViewExt.swift; sourceTree = "<group>"; };
		7FF7E792236FD7E1006AC2BF /* Logger.swift */ = {isa = PBXFileReference; fileEncoding = 4; lastKnownFileType = sourcecode.swift; path = Logger.swift; sourceTree = "<group>"; };
		7FF7E794236FD7E7006AC2BF /* Constants.swift */ = {isa = PBXFileReference; fileEncoding = 4; lastKnownFileType = sourcecode.swift; path = Constants.swift; sourceTree = "<group>"; };
		7FF7E796236FD7EE006AC2BF /* AppService.swift */ = {isa = PBXFileReference; fileEncoding = 4; lastKnownFileType = sourcecode.swift; path = AppService.swift; sourceTree = "<group>"; };
		7FF7E7A3236FDA09006AC2BF /* en */ = {isa = PBXFileReference; lastKnownFileType = text.plist.strings; name = en; path = en.lproj/Localizable.strings; sourceTree = "<group>"; };
		7FF7E7A6236FDA35006AC2BF /* L10n-Constants.swift */ = {isa = PBXFileReference; fileEncoding = 4; lastKnownFileType = sourcecode.swift; path = "L10n-Constants.swift"; sourceTree = "<group>"; };
		81847AFE4797956372E759F9 /* Pods-Cupid.debug.xcconfig */ = {isa = PBXFileReference; includeInIndex = 1; lastKnownFileType = text.xcconfig; name = "Pods-Cupid.debug.xcconfig"; path = "Target Support Files/Pods-Cupid/Pods-Cupid.debug.xcconfig"; sourceTree = "<group>"; };
		93727D99D2538C3C8FDC2435 /* Pods-BeenTogether-tvOS.debug.xcconfig */ = {isa = PBXFileReference; includeInIndex = 1; lastKnownFileType = text.xcconfig; name = "Pods-BeenTogether-tvOS.debug.xcconfig"; path = "Target Support Files/Pods-BeenTogether-tvOS/Pods-BeenTogether-tvOS.debug.xcconfig"; sourceTree = "<group>"; };
		9939EFA61F59F675BBCE3ECC /* Pods-Cupid-tvOSTests.debug.xcconfig */ = {isa = PBXFileReference; includeInIndex = 1; lastKnownFileType = text.xcconfig; name = "Pods-Cupid-tvOSTests.debug.xcconfig"; path = "Target Support Files/Pods-Cupid-tvOSTests/Pods-Cupid-tvOSTests.debug.xcconfig"; sourceTree = "<group>"; };
		AE5225EDAAE57D4D67321A6B /* Pods-BeenTogetherTests.release.xcconfig */ = {isa = PBXFileReference; includeInIndex = 1; lastKnownFileType = text.xcconfig; name = "Pods-BeenTogetherTests.release.xcconfig"; path = "Target Support Files/Pods-BeenTogetherTests/Pods-BeenTogetherTests.release.xcconfig"; sourceTree = "<group>"; };
		B48CF14D50A412DE50CDE077 /* libPods-CupidTests.a */ = {isa = PBXFileReference; explicitFileType = archive.ar; includeInIndex = 0; path = "libPods-CupidTests.a"; sourceTree = BUILT_PRODUCTS_DIR; };
		B607DB2D239949BB00C7509F /* LocationViewController.swift */ = {isa = PBXFileReference; lastKnownFileType = sourcecode.swift; path = LocationViewController.swift; sourceTree = "<group>"; };
		B607DB3023994CC900C7509F /* LocationViewModel.swift */ = {isa = PBXFileReference; lastKnownFileType = sourcecode.swift; path = LocationViewModel.swift; sourceTree = "<group>"; };
		B607DB322399523E00C7509F /* MapAnotation.swift */ = {isa = PBXFileReference; lastKnownFileType = sourcecode.swift; path = MapAnotation.swift; sourceTree = "<group>"; };
		B6559E74239A978B00FD6893 /* LocationServices.swift */ = {isa = PBXFileReference; lastKnownFileType = sourcecode.swift; path = LocationServices.swift; sourceTree = "<group>"; };
		B67252262397FC1E00E13339 /* RemoteMessage.swift */ = {isa = PBXFileReference; lastKnownFileType = sourcecode.swift; path = RemoteMessage.swift; sourceTree = "<group>"; };
		B68CD033239B3FDC000BA1D8 /* LocationNavigator.swift */ = {isa = PBXFileReference; lastKnownFileType = sourcecode.swift; path = LocationNavigator.swift; sourceTree = "<group>"; };
		B68CD035239B8A75000BA1D8 /* LoverLocationViewer.swift */ = {isa = PBXFileReference; lastKnownFileType = sourcecode.swift; path = LoverLocationViewer.swift; sourceTree = "<group>"; };
		B68CD038239B95D2000BA1D8 /* EmojiCollection.swift */ = {isa = PBXFileReference; lastKnownFileType = sourcecode.swift; path = EmojiCollection.swift; sourceTree = "<group>"; };
		B68CD03A239B95E2000BA1D8 /* EmojiCell.swift */ = {isa = PBXFileReference; lastKnownFileType = sourcecode.swift; path = EmojiCell.swift; sourceTree = "<group>"; };
		B68E245723922C860014A53E /* MessageRepository.swift */ = {isa = PBXFileReference; lastKnownFileType = sourcecode.swift; path = MessageRepository.swift; sourceTree = "<group>"; };
		B68E245923922EE60014A53E /* MessageRemoteDataSource.swift */ = {isa = PBXFileReference; lastKnownFileType = sourcecode.swift; path = MessageRemoteDataSource.swift; sourceTree = "<group>"; };
		B68E245C239230420014A53E /* MessageApi.swift */ = {isa = PBXFileReference; lastKnownFileType = sourcecode.swift; path = MessageApi.swift; sourceTree = "<group>"; };
		B68E245E239235620014A53E /* APIConfig.swift */ = {isa = PBXFileReference; lastKnownFileType = sourcecode.swift; path = APIConfig.swift; sourceTree = "<group>"; };
		B68E246223924AC10014A53E /* GoogleService-Info.plist */ = {isa = PBXFileReference; fileEncoding = 4; lastKnownFileType = text.plist.xml; path = "GoogleService-Info.plist"; sourceTree = "<group>"; };
		B68E24752392712B0014A53E /* MessageViewModel.swift */ = {isa = PBXFileReference; fileEncoding = 4; lastKnownFileType = sourcecode.swift; path = MessageViewModel.swift; sourceTree = "<group>"; };
		B68E24762392712B0014A53E /* Message.storyboard */ = {isa = PBXFileReference; fileEncoding = 4; lastKnownFileType = file.storyboard; path = Message.storyboard; sourceTree = "<group>"; };
		B68E24792392712B0014A53E /* SmartChat.swift */ = {isa = PBXFileReference; fileEncoding = 4; lastKnownFileType = sourcecode.swift; path = SmartChat.swift; sourceTree = "<group>"; };
		B68E247B2392712B0014A53E /* Message.swift */ = {isa = PBXFileReference; fileEncoding = 4; lastKnownFileType = sourcecode.swift; path = Message.swift; sourceTree = "<group>"; };
		B68E247C2392712B0014A53E /* SCUser.swift */ = {isa = PBXFileReference; fileEncoding = 4; lastKnownFileType = sourcecode.swift; path = SCUser.swift; sourceTree = "<group>"; };
		B68E247E2392712B0014A53E /* ActionsView.swift */ = {isa = PBXFileReference; fileEncoding = 4; lastKnownFileType = sourcecode.swift; path = ActionsView.swift; sourceTree = "<group>"; };
		B68E247F2392712B0014A53E /* TextMessage.swift */ = {isa = PBXFileReference; fileEncoding = 4; lastKnownFileType = sourcecode.swift; path = TextMessage.swift; sourceTree = "<group>"; };
		B68E24802392712B0014A53E /* GalleryInput.swift */ = {isa = PBXFileReference; fileEncoding = 4; lastKnownFileType = sourcecode.swift; path = GalleryInput.swift; sourceTree = "<group>"; };
		B68E24812392712B0014A53E /* MessageTableView.swift */ = {isa = PBXFileReference; fileEncoding = 4; lastKnownFileType = sourcecode.swift; path = MessageTableView.swift; sourceTree = "<group>"; };
		B68E24822392712B0014A53E /* TextMessageCell.swift */ = {isa = PBXFileReference; fileEncoding = 4; lastKnownFileType = sourcecode.swift; path = TextMessageCell.swift; sourceTree = "<group>"; };
		B68E24832392712B0014A53E /* InputToolBar.swift */ = {isa = PBXFileReference; fileEncoding = 4; lastKnownFileType = sourcecode.swift; path = InputToolBar.swift; sourceTree = "<group>"; };
		B68E24842392712B0014A53E /* GalleryImage.swift */ = {isa = PBXFileReference; fileEncoding = 4; lastKnownFileType = sourcecode.swift; path = GalleryImage.swift; sourceTree = "<group>"; };
		B68E24852392712B0014A53E /* InputView.swift */ = {isa = PBXFileReference; fileEncoding = 4; lastKnownFileType = sourcecode.swift; path = InputView.swift; sourceTree = "<group>"; };
		B68E24862392712B0014A53E /* MessageView.swift */ = {isa = PBXFileReference; fileEncoding = 4; lastKnownFileType = sourcecode.swift; path = MessageView.swift; sourceTree = "<group>"; };
		B68E24872392712B0014A53E /* MessageViewController.swift */ = {isa = PBXFileReference; fileEncoding = 4; lastKnownFileType = sourcecode.swift; path = MessageViewController.swift; sourceTree = "<group>"; };
		B68E24892392712B0014A53E /* MessageNavigator.swift */ = {isa = PBXFileReference; fileEncoding = 4; lastKnownFileType = sourcecode.swift; path = MessageNavigator.swift; sourceTree = "<group>"; };
		B68E249A239271630014A53E /* Bubble.swift */ = {isa = PBXFileReference; fileEncoding = 4; lastKnownFileType = sourcecode.swift; path = Bubble.swift; sourceTree = "<group>"; };
		B68E249D2392720A0014A53E /* Home.storyboard */ = {isa = PBXFileReference; fileEncoding = 4; lastKnownFileType = file.storyboard; path = Home.storyboard; sourceTree = "<group>"; };
		B68E249E2392720A0014A53E /* HomeViewController.swift */ = {isa = PBXFileReference; fileEncoding = 4; lastKnownFileType = sourcecode.swift; path = HomeViewController.swift; sourceTree = "<group>"; };
		B6972B332393D04E002EE07B /* ImageMessageCell.swift */ = {isa = PBXFileReference; lastKnownFileType = sourcecode.swift; path = ImageMessageCell.swift; sourceTree = "<group>"; };
		B6972B352393D0AD002EE07B /* ImageMessage.swift */ = {isa = PBXFileReference; lastKnownFileType = sourcecode.swift; path = ImageMessage.swift; sourceTree = "<group>"; };
		B6B9D120239559F0003527B4 /* MessageStatusIndicator.swift */ = {isa = PBXFileReference; lastKnownFileType = sourcecode.swift; path = MessageStatusIndicator.swift; sourceTree = "<group>"; };
		B6E2E2E22362A7F7001046E5 /* UIViewExts.swift */ = {isa = PBXFileReference; lastKnownFileType = sourcecode.swift; path = UIViewExts.swift; sourceTree = "<group>"; };
		B6E2E2E62362AB73001046E5 /* UIColorExts.swift */ = {isa = PBXFileReference; lastKnownFileType = sourcecode.swift; path = UIColorExts.swift; sourceTree = "<group>"; };
		B6E2E2EC2362F561001046E5 /* Avatar.swift */ = {isa = PBXFileReference; lastKnownFileType = sourcecode.swift; path = Avatar.swift; sourceTree = "<group>"; };
		B6F4F917234737E8002B7B36 /* BeenTogether-Bridging-Header.h */ = {isa = PBXFileReference; lastKnownFileType = sourcecode.c.h; path = "BeenTogether-Bridging-Header.h"; sourceTree = "<group>"; };
		B6F4F918234737E8002B7B36 /* AppDelegate.swift */ = {isa = PBXFileReference; lastKnownFileType = sourcecode.swift; path = AppDelegate.swift; sourceTree = "<group>"; };
		C403D03DD73EEE6412F64DB0 /* Pods-Cupid.release.xcconfig */ = {isa = PBXFileReference; includeInIndex = 1; lastKnownFileType = text.xcconfig; name = "Pods-Cupid.release.xcconfig"; path = "Target Support Files/Pods-Cupid/Pods-Cupid.release.xcconfig"; sourceTree = "<group>"; };
		D5763673876EA0C5CE568C13 /* Pods-Cupid-tvOS.release.xcconfig */ = {isa = PBXFileReference; includeInIndex = 1; lastKnownFileType = text.xcconfig; name = "Pods-Cupid-tvOS.release.xcconfig"; path = "Target Support Files/Pods-Cupid-tvOS/Pods-Cupid-tvOS.release.xcconfig"; sourceTree = "<group>"; };
		E07C6758DAF172F61641B653 /* libPods-Cupid-tvOSTests.a */ = {isa = PBXFileReference; explicitFileType = archive.ar; includeInIndex = 0; path = "libPods-Cupid-tvOSTests.a"; sourceTree = BUILT_PRODUCTS_DIR; };
		ED297162215061F000B7C4FE /* JavaScriptCore.framework */ = {isa = PBXFileReference; lastKnownFileType = wrapper.framework; name = JavaScriptCore.framework; path = System/Library/Frameworks/JavaScriptCore.framework; sourceTree = SDKROOT; };
		ED2971642150620600B7C4FE /* JavaScriptCore.framework */ = {isa = PBXFileReference; lastKnownFileType = wrapper.framework; name = JavaScriptCore.framework; path = Platforms/AppleTVOS.platform/Developer/SDKs/AppleTVOS12.0.sdk/System/Library/Frameworks/JavaScriptCore.framework; sourceTree = DEVELOPER_DIR; };
		F6ED815D63F4AA78F36968BE /* libPods-Cupid.a */ = {isa = PBXFileReference; explicitFileType = archive.ar; includeInIndex = 0; path = "libPods-Cupid.a"; sourceTree = BUILT_PRODUCTS_DIR; };
		FE916A3DC3A89F7F89CA3D68 /* Pods-BeenTogether-tvOS.release.xcconfig */ = {isa = PBXFileReference; includeInIndex = 1; lastKnownFileType = text.xcconfig; name = "Pods-BeenTogether-tvOS.release.xcconfig"; path = "Target Support Files/Pods-BeenTogether-tvOS/Pods-BeenTogether-tvOS.release.xcconfig"; sourceTree = "<group>"; };
/* End PBXFileReference section */

/* Begin PBXFrameworksBuildPhase section */
		00E356EB1AD99517003FC87E /* Frameworks */ = {
			isa = PBXFrameworksBuildPhase;
			buildActionMask = 2147483647;
			files = (
				22A78B505A88A37A640D5123 /* libPods-CupidTests.a in Frameworks */,
			);
			runOnlyForDeploymentPostprocessing = 0;
		};
		13B07F8C1A680F5B00A75B9A /* Frameworks */ = {
			isa = PBXFrameworksBuildPhase;
			buildActionMask = 2147483647;
			files = (
				7FF7E784236FD3AA006AC2BF /* SwiftyJSON.framework in Frameworks */,
				7FF7E785236FD3AA006AC2BF /* XCGLogger.framework in Frameworks */,
				7FF7E786236FD3AA006AC2BF /* ObjcExceptionBridging.framework in Frameworks */,
				7FF7E787236FD3AA006AC2BF /* DeviceKit.framework in Frameworks */,
				17E0995B92EB27DC2C428F53 /* libPods-Cupid.a in Frameworks */,
			);
			runOnlyForDeploymentPostprocessing = 0;
		};
		2D02E4781E0B4A5D006451C7 /* Frameworks */ = {
			isa = PBXFrameworksBuildPhase;
			buildActionMask = 2147483647;
			files = (
				1BA3F880F1E0519F8B3CEA81 /* libPods-Cupid-tvOS.a in Frameworks */,
			);
			runOnlyForDeploymentPostprocessing = 0;
		};
		2D02E48D1E0B4A5D006451C7 /* Frameworks */ = {
			isa = PBXFrameworksBuildPhase;
			buildActionMask = 2147483647;
			files = (
				172262E967C2843B2C451109 /* libPods-Cupid-tvOSTests.a in Frameworks */,
			);
			runOnlyForDeploymentPostprocessing = 0;
		};
/* End PBXFrameworksBuildPhase section */

/* Begin PBXGroup section */
		00E356EF1AD99517003FC87E /* BeenTogetherTests */ = {
			isa = PBXGroup;
			children = (
				00E356F21AD99517003FC87E /* BeenTogetherTests.m */,
				00E356F01AD99517003FC87E /* Supporting Files */,
			);
			path = BeenTogetherTests;
			sourceTree = "<group>";
		};
		00E356F01AD99517003FC87E /* Supporting Files */ = {
			isa = PBXGroup;
			children = (
				00E356F11AD99517003FC87E /* Info.plist */,
			);
			name = "Supporting Files";
			sourceTree = "<group>";
		};
		13B07FAE1A68108700A75B9A /* Cupid */ = {
			isa = PBXGroup;
			children = (
				B68E246223924AC10014A53E /* GoogleService-Info.plist */,
				B6F4F918234737E8002B7B36 /* AppDelegate.swift */,
				7F5D1C1B236FBD5A005A4961 /* Common */,
				7F5D1C1F236FBD5A005A4961 /* DataManager */,
				7F5D1C2A236FBD5B005A4961 /* Modules */,
				7F5D1C28236FBD5A005A4961 /* Vendors */,
				7F5D1C27236FBD5A005A4961 /* Resources */,
				7F5D1C29236FBD5A005A4961 /* Supporting Files */,
			);
			name = Cupid;
			sourceTree = "<group>";
		};
		2D16E6871FA4F8E400B85C8A /* Frameworks */ = {
			isa = PBXGroup;
			children = (
				7FF7E783236FD3AA006AC2BF /* DeviceKit.framework */,
				7FF7E782236FD3AA006AC2BF /* ObjcExceptionBridging.framework */,
				7FF7E780236FD3AA006AC2BF /* SwiftyJSON.framework */,
				7FF7E781236FD3AA006AC2BF /* XCGLogger.framework */,
				ED297162215061F000B7C4FE /* JavaScriptCore.framework */,
				ED2971642150620600B7C4FE /* JavaScriptCore.framework */,
				F6ED815D63F4AA78F36968BE /* libPods-Cupid.a */,
				1FA4788D947D3431727CA4AA /* libPods-Cupid-tvOS.a */,
				E07C6758DAF172F61641B653 /* libPods-Cupid-tvOSTests.a */,
				B48CF14D50A412DE50CDE077 /* libPods-CupidTests.a */,
			);
			name = Frameworks;
			sourceTree = "<group>";
		};
		57B76C72311FABAF00378A6B /* Pods */ = {
			isa = PBXGroup;
			children = (
				4C782350347DE81685E9C150 /* Pods-BeenTogether.debug.xcconfig */,
				77075A41F0C5A168FB7717DD /* Pods-BeenTogether.release.xcconfig */,
				93727D99D2538C3C8FDC2435 /* Pods-BeenTogether-tvOS.debug.xcconfig */,
				FE916A3DC3A89F7F89CA3D68 /* Pods-BeenTogether-tvOS.release.xcconfig */,
				21471134800E90BF1F15E8B3 /* Pods-BeenTogether-tvOSTests.debug.xcconfig */,
				37FFA031CA3C4A6B260DB914 /* Pods-BeenTogether-tvOSTests.release.xcconfig */,
				2468A578A0988E6257AAFCFE /* Pods-BeenTogetherTests.debug.xcconfig */,
				AE5225EDAAE57D4D67321A6B /* Pods-BeenTogetherTests.release.xcconfig */,
				81847AFE4797956372E759F9 /* Pods-Cupid.debug.xcconfig */,
				C403D03DD73EEE6412F64DB0 /* Pods-Cupid.release.xcconfig */,
				2C48C8D9AEF93AEEC7E9BB9F /* Pods-Cupid-tvOS.debug.xcconfig */,
				D5763673876EA0C5CE568C13 /* Pods-Cupid-tvOS.release.xcconfig */,
				9939EFA61F59F675BBCE3ECC /* Pods-Cupid-tvOSTests.debug.xcconfig */,
				5CC0C1EB72A73FDCB598FAC9 /* Pods-Cupid-tvOSTests.release.xcconfig */,
				1201022ECF81D73CE24AB605 /* Pods-CupidTests.debug.xcconfig */,
				50F40441CB0C3AB88992F5E4 /* Pods-CupidTests.release.xcconfig */,
			);
			path = Pods;
			sourceTree = "<group>";
		};
		6F4C6A7123981CDA00F4FB4D /* Cell */ = {
			isa = PBXGroup;
			children = (
				6F4C6A7223981CEC00F4FB4D /* EventCollectionViewCell.swift */,
				6F4C6A7323981CEC00F4FB4D /* EventCollectionViewCell.xib */,
			);
			path = Cell;
			sourceTree = "<group>";
		};
		6F846FD123956430008C03D3 /* Event */ = {
			isa = PBXGroup;
			children = (
				6F4C6A7123981CDA00F4FB4D /* Cell */,
				6F846FD2239570C1008C03D3 /* Event.storyboard */,
				6F4C6A6F239818BC00F4FB4D /* EventViewController.swift */,
			);
			path = Event;
			sourceTree = "<group>";
		};
		7F5D1C1B236FBD5A005A4961 /* Common */ = {
			isa = PBXGroup;
			children = (
				7F5D1C1C236FBD5A005A4961 /* Extension */,
				7F5D1C1D236FBD5A005A4961 /* Helper */,
				7F5D1C1E236FBD5A005A4961 /* Control */,
			);
			path = Common;
			sourceTree = "<group>";
		};
		7F5D1C1C236FBD5A005A4961 /* Extension */ = {
			isa = PBXGroup;
			children = (
				B6E2E2E22362A7F7001046E5 /* UIViewExts.swift */,
				B6E2E2E62362AB73001046E5 /* UIColorExts.swift */,
				7FF7E78A236FD718006AC2BF /* StoryboardExt.swift */,
				7FF7E78D236FD722006AC2BF /* CollectionViewExt.swift */,
				7FF7E78C236FD722006AC2BF /* ScrollViewExt.swift */,
				7FF7E790236FD7AC006AC2BF /* TableViewExt.swift */,
				46B83CA623867E990040D1F1 /* DateExts.swift */,
			);
			path = Extension;
			sourceTree = "<group>";
		};
		7F5D1C1D236FBD5A005A4961 /* Helper */ = {
			isa = PBXGroup;
			children = (
				7FF7E796236FD7EE006AC2BF /* AppService.swift */,
				7FF7E794236FD7E7006AC2BF /* Constants.swift */,
				7FF7E792236FD7E1006AC2BF /* Logger.swift */,
				B6559E74239A978B00FD6893 /* LocationServices.swift */,
			);
			path = Helper;
			sourceTree = "<group>";
		};
		7F5D1C1E236FBD5A005A4961 /* Control */ = {
			isa = PBXGroup;
			children = (
				B6E2E2EC2362F561001046E5 /* Avatar.swift */,
			);
			path = Control;
			sourceTree = "<group>";
		};
		7F5D1C1F236FBD5A005A4961 /* DataManager */ = {
			isa = PBXGroup;
			children = (
				7F5D1C20236FBD5A005A4961 /* Source */,
				7F5D1C26236FBD5A005A4961 /* User.swift */,
				B67252262397FC1E00E13339 /* RemoteMessage.swift */,
			);
			path = DataManager;
			sourceTree = "<group>";
		};
		7F5D1C20236FBD5A005A4961 /* Source */ = {
			isa = PBXGroup;
			children = (
				B68E24A1239272340014A53E /* Repositories */,
				7F5D1C22236FBD5A005A4961 /* Local */,
				7F5D1C24236FBD5A005A4961 /* Remote */,
			);
			path = Source;
			sourceTree = "<group>";
		};
		7F5D1C22236FBD5A005A4961 /* Local */ = {
			isa = PBXGroup;
			children = (
				7F5D1C23236FBD5A005A4961 /* UserLocalDataSource.swift */,
			);
			path = Local;
			sourceTree = "<group>";
		};
		7F5D1C24236FBD5A005A4961 /* Remote */ = {
			isa = PBXGroup;
			children = (
				B68E24A22392725E0014A53E /* Datasources */,
				B68E245B2392302F0014A53E /* Network */,
			);
			path = Remote;
			sourceTree = "<group>";
		};
		7F5D1C27236FBD5A005A4961 /* Resources */ = {
			isa = PBXGroup;
			children = (
				7FF7E7A5236FDA2E006AC2BF /* Generated */,
				13B07FB51A68108700A75B9A /* Images.xcassets */,
				7FF7E7A4236FDA09006AC2BF /* Localizable.strings */,
				7F5D1C33236FBE7C005A4961 /* LaunchScreen.xib */,
				008F07F21AC5B25A0029DE68 /* main.jsbundle */,
			);
			path = Resources;
			sourceTree = "<group>";
		};
		7F5D1C28236FBD5A005A4961 /* Vendors */ = {
			isa = PBXGroup;
			children = (
			);
			path = Vendors;
			sourceTree = "<group>";
		};
		7F5D1C29236FBD5A005A4961 /* Supporting Files */ = {
			isa = PBXGroup;
			children = (
				B6F4F917234737E8002B7B36 /* BeenTogether-Bridging-Header.h */,
				13B07FB61A68108700A75B9A /* Info.plist */,
			);
			path = "Supporting Files";
			sourceTree = "<group>";
		};
		7F5D1C2A236FBD5B005A4961 /* Modules */ = {
			isa = PBXGroup;
			children = (
				B607DB2C2399496300C7509F /* Location */,
				6F846FD123956430008C03D3 /* Event */,
				B68E249C2392720A0014A53E /* Home */,
				B68E24732392712B0014A53E /* Message */,
				7F5D1C2B236FBD5B005A4961 /* Loading */,
				7F5D1C39236FC378005A4961 /* MainTabBar */,
				7F5D1C38236FC2A0005A4961 /* Task */,
				7F5D1C37236FC293005A4961 /* Dating */,
				7F5D1C35236FC281005A4961 /* Profile */,
			);
			path = Modules;
			sourceTree = "<group>";
		};
		7F5D1C2B236FBD5B005A4961 /* Loading */ = {
			isa = PBXGroup;
			children = (
				7FB507D5236FCB3400A00CF6 /* Loading.storyboard */,
				7FB507D3236FCB3400A00CF6 /* Router */,
				7FB507D8236FCB3400A00CF6 /* View */,
				7FB507D6236FCB3400A00CF6 /* ViewModel */,
			);
			path = Loading;
			sourceTree = "<group>";
		};
		7F5D1C35236FC281005A4961 /* Profile */ = {
			isa = PBXGroup;
			children = (
				7F5D1C7F236FC452005A4961 /* Profile.storyboard */,
				7F5D1C7B236FC452005A4961 /* Router */,
				7F5D1C80236FC452005A4961 /* View */,
				7F5D1C7D236FC452005A4961 /* ViewModel */,
			);
			path = Profile;
			sourceTree = "<group>";
		};
		7F5D1C37236FC293005A4961 /* Dating */ = {
			isa = PBXGroup;
			children = (
				7F5D1C6A236FC441005A4961 /* Dating.storyboard */,
				7F5D1C6D236FC441005A4961 /* Router */,
				7F5D1C68236FC441005A4961 /* View */,
				7F5D1C6B236FC441005A4961 /* ViewModel */,
			);
			path = Dating;
			sourceTree = "<group>";
		};
		7F5D1C38236FC2A0005A4961 /* Task */ = {
			isa = PBXGroup;
			children = (
				7F5D1C57236FC429005A4961 /* Task.storyboard */,
				7F5D1C55236FC429005A4961 /* Router */,
				7F5D1C5A236FC429005A4961 /* View */,
				7F5D1C58236FC429005A4961 /* ViewModel */,
			);
			path = Task;
			sourceTree = "<group>";
		};
		7F5D1C39236FC378005A4961 /* MainTabBar */ = {
			isa = PBXGroup;
			children = (
				7F5D1C44236FC39C005A4961 /* MainTabBar.storyboard */,
				7F5D1C47236FC39C005A4961 /* Router */,
				7F5D1C45236FC39C005A4961 /* View */,
				7F5D1C42236FC39C005A4961 /* ViewModel */,
			);
			path = MainTabBar;
			sourceTree = "<group>";
		};
		7F5D1C42236FC39C005A4961 /* ViewModel */ = {
			isa = PBXGroup;
			children = (
				7F5D1C43236FC39C005A4961 /* MainTabBarViewModel.swift */,
			);
			path = ViewModel;
			sourceTree = "<group>";
		};
		7F5D1C45236FC39C005A4961 /* View */ = {
			isa = PBXGroup;
			children = (
				7F5D1C46236FC39C005A4961 /* MainTabBarViewController.swift */,
			);
			path = View;
			sourceTree = "<group>";
		};
		7F5D1C47236FC39C005A4961 /* Router */ = {
			isa = PBXGroup;
			children = (
				7F5D1C48236FC39C005A4961 /* MainTabBarNavigator.swift */,
			);
			path = Router;
			sourceTree = "<group>";
		};
		7F5D1C55236FC429005A4961 /* Router */ = {
			isa = PBXGroup;
			children = (
				7F5D1C56236FC429005A4961 /* TaskNavigator.swift */,
			);
			path = Router;
			sourceTree = "<group>";
		};
		7F5D1C58236FC429005A4961 /* ViewModel */ = {
			isa = PBXGroup;
			children = (
				7F5D1C59236FC429005A4961 /* TaskViewModel.swift */,
			);
			path = ViewModel;
			sourceTree = "<group>";
		};
		7F5D1C5A236FC429005A4961 /* View */ = {
			isa = PBXGroup;
			children = (
				7F5D1C5B236FC429005A4961 /* TaskViewController.swift */,
			);
			path = View;
			sourceTree = "<group>";
		};
		7F5D1C68236FC441005A4961 /* View */ = {
			isa = PBXGroup;
			children = (
				7F5D1C69236FC441005A4961 /* DatingViewController.swift */,
			);
			path = View;
			sourceTree = "<group>";
		};
		7F5D1C6B236FC441005A4961 /* ViewModel */ = {
			isa = PBXGroup;
			children = (
				7F5D1C6C236FC441005A4961 /* DatingViewModel.swift */,
			);
			path = ViewModel;
			sourceTree = "<group>";
		};
		7F5D1C6D236FC441005A4961 /* Router */ = {
			isa = PBXGroup;
			children = (
				7F5D1C6E236FC441005A4961 /* DatingNavigator.swift */,
			);
			path = Router;
			sourceTree = "<group>";
		};
		7F5D1C7B236FC452005A4961 /* Router */ = {
			isa = PBXGroup;
			children = (
				7F5D1C7C236FC452005A4961 /* ProfileNavigator.swift */,
			);
			path = Router;
			sourceTree = "<group>";
		};
		7F5D1C7D236FC452005A4961 /* ViewModel */ = {
			isa = PBXGroup;
			children = (
				7F5D1C7E236FC452005A4961 /* ProfileViewModel.swift */,
			);
			path = ViewModel;
			sourceTree = "<group>";
		};
		7F5D1C80236FC452005A4961 /* View */ = {
			isa = PBXGroup;
			children = (
				7F5D1C81236FC452005A4961 /* ProfileViewController.swift */,
			);
			path = View;
			sourceTree = "<group>";
		};
		7FB507D3236FCB3400A00CF6 /* Router */ = {
			isa = PBXGroup;
			children = (
				7FB507D4236FCB3400A00CF6 /* LoadingNavigator.swift */,
			);
			path = Router;
			sourceTree = "<group>";
		};
		7FB507D6236FCB3400A00CF6 /* ViewModel */ = {
			isa = PBXGroup;
			children = (
				7FB507D7236FCB3400A00CF6 /* LoadingViewModel.swift */,
			);
			path = ViewModel;
			sourceTree = "<group>";
		};
		7FB507D8236FCB3400A00CF6 /* View */ = {
			isa = PBXGroup;
			children = (
				7FB507D9236FCB3400A00CF6 /* LoadingViewController.swift */,
			);
			path = View;
			sourceTree = "<group>";
		};
		7FF7E7A5236FDA2E006AC2BF /* Generated */ = {
			isa = PBXGroup;
			children = (
				7FF7E7A6236FDA35006AC2BF /* L10n-Constants.swift */,
			);
			path = Generated;
			sourceTree = "<group>";
		};
		832341AE1AAA6A7D00B99B32 /* Libraries */ = {
			isa = PBXGroup;
			children = (
			);
			name = Libraries;
			sourceTree = "<group>";
		};
		83CBB9F61A601CBA00E9B192 = {
			isa = PBXGroup;
			children = (
				13B07FAE1A68108700A75B9A /* Cupid */,
				832341AE1AAA6A7D00B99B32 /* Libraries */,
				00E356EF1AD99517003FC87E /* BeenTogetherTests */,
				83CBBA001A601CBA00E9B192 /* Products */,
				2D16E6871FA4F8E400B85C8A /* Frameworks */,
				57B76C72311FABAF00378A6B /* Pods */,
			);
			indentWidth = 4;
			sourceTree = "<group>";
			tabWidth = 4;
			usesTabs = 0;
		};
		83CBBA001A601CBA00E9B192 /* Products */ = {
			isa = PBXGroup;
			children = (
				13B07F961A680F5B00A75B9A /* Cupid.app */,
				00E356EE1AD99517003FC87E /* CupidTests.xctest */,
				2D02E47B1E0B4A5D006451C7 /* Cupid-tvOS.app */,
				2D02E4901E0B4A5D006451C7 /* Cupid-tvOSTests.xctest */,
			);
			name = Products;
			sourceTree = "<group>";
		};
		B607DB2C2399496300C7509F /* Location */ = {
			isa = PBXGroup;
			children = (
				B607DB2D239949BB00C7509F /* LocationViewController.swift */,
				B607DB3023994CC900C7509F /* LocationViewModel.swift */,
				B607DB322399523E00C7509F /* MapAnotation.swift */,
				B68CD033239B3FDC000BA1D8 /* LocationNavigator.swift */,
				B68CD035239B8A75000BA1D8 /* LoverLocationViewer.swift */,
			);
			path = Location;
			sourceTree = "<group>";
		};
		B68CD037239B95B6000BA1D8 /* EmojiTable */ = {
			isa = PBXGroup;
			children = (
				B68CD038239B95D2000BA1D8 /* EmojiCollection.swift */,
				B68CD03A239B95E2000BA1D8 /* EmojiCell.swift */,
			);
			path = EmojiTable;
			sourceTree = "<group>";
		};
		B68E245B2392302F0014A53E /* Network */ = {
			isa = PBXGroup;
			children = (
				B68E245C239230420014A53E /* MessageApi.swift */,
				B68E245E239235620014A53E /* APIConfig.swift */,
			);
			path = Network;
			sourceTree = "<group>";
		};
		B68E24732392712B0014A53E /* Message */ = {
			isa = PBXGroup;
			children = (
				B68E24742392712B0014A53E /* ViewModel */,
				B68E24762392712B0014A53E /* Message.storyboard */,
				B68E24772392712B0014A53E /* View */,
				B68E24882392712B0014A53E /* Router */,
			);
			path = Message;
			sourceTree = "<group>";
		};
		B68E24742392712B0014A53E /* ViewModel */ = {
			isa = PBXGroup;
			children = (
				B68E24752392712B0014A53E /* MessageViewModel.swift */,
			);
			path = ViewModel;
			sourceTree = "<group>";
		};
		B68E24772392712B0014A53E /* View */ = {
			isa = PBXGroup;
			children = (
				B68E24782392712B0014A53E /* SmartChat */,
				B68E24872392712B0014A53E /* MessageViewController.swift */,
			);
			path = View;
			sourceTree = "<group>";
		};
		B68E24782392712B0014A53E /* SmartChat */ = {
			isa = PBXGroup;
			children = (
				B68E24792392712B0014A53E /* SmartChat.swift */,
				B68E247A2392712B0014A53E /* Models */,
				B68E247D2392712B0014A53E /* Views */,
			);
			path = SmartChat;
			sourceTree = "<group>";
		};
		B68E247A2392712B0014A53E /* Models */ = {
			isa = PBXGroup;
			children = (
				B68E247B2392712B0014A53E /* Message.swift */,
				B68E247C2392712B0014A53E /* SCUser.swift */,
			);
			path = Models;
			sourceTree = "<group>";
		};
		B68E247D2392712B0014A53E /* Views */ = {
			isa = PBXGroup;
			children = (
				B68E24A62392C5B00014A53E /* Components */,
				B68E24A42392C5810014A53E /* Inputs */,
				B68E24A32392C52E0014A53E /* Cells */,
				B68E24812392712B0014A53E /* MessageTableView.swift */,
			);
			path = Views;
			sourceTree = "<group>";
		};
		B68E24882392712B0014A53E /* Router */ = {
			isa = PBXGroup;
			children = (
				B68E24892392712B0014A53E /* MessageNavigator.swift */,
			);
			path = Router;
			sourceTree = "<group>";
		};
		B68E249C2392720A0014A53E /* Home */ = {
			isa = PBXGroup;
			children = (
				B68E249D2392720A0014A53E /* Home.storyboard */,
				B68E249E2392720A0014A53E /* HomeViewController.swift */,
			);
			path = Home;
			sourceTree = "<group>";
		};
		B68E24A1239272340014A53E /* Repositories */ = {
			isa = PBXGroup;
			children = (
				B68E245723922C860014A53E /* MessageRepository.swift */,
				7F5D1C21236FBD5A005A4961 /* UserRepository.swift */,
			);
			path = Repositories;
			sourceTree = "<group>";
		};
		B68E24A22392725E0014A53E /* Datasources */ = {
			isa = PBXGroup;
			children = (
				7F5D1C25236FBD5A005A4961 /* UserRemoteDataSource.swift */,
				B68E245923922EE60014A53E /* MessageRemoteDataSource.swift */,
			);
			path = Datasources;
			sourceTree = "<group>";
		};
		B68E24A32392C52E0014A53E /* Cells */ = {
			isa = PBXGroup;
			children = (
				B68E247F2392712B0014A53E /* TextMessage.swift */,
				B68E24862392712B0014A53E /* MessageView.swift */,
				B68E24822392712B0014A53E /* TextMessageCell.swift */,
				B6972B332393D04E002EE07B /* ImageMessageCell.swift */,
				B6972B352393D0AD002EE07B /* ImageMessage.swift */,
			);
			path = Cells;
			sourceTree = "<group>";
		};
		B68E24A42392C5810014A53E /* Inputs */ = {
			isa = PBXGroup;
			children = (
				B68CD037239B95B6000BA1D8 /* EmojiTable */,
				B68E24852392712B0014A53E /* InputView.swift */,
				B68E247E2392712B0014A53E /* ActionsView.swift */,
				B68E24842392712B0014A53E /* GalleryImage.swift */,
				B68E24832392712B0014A53E /* InputToolBar.swift */,
				B68E24802392712B0014A53E /* GalleryInput.swift */,
			);
			path = Inputs;
			sourceTree = "<group>";
		};
		B68E24A62392C5B00014A53E /* Components */ = {
			isa = PBXGroup;
			children = (
				B68E249A239271630014A53E /* Bubble.swift */,
				B6B9D120239559F0003527B4 /* MessageStatusIndicator.swift */,
			);
			path = Components;
			sourceTree = "<group>";
		};
/* End PBXGroup section */

/* Begin PBXNativeTarget section */
		00E356ED1AD99517003FC87E /* CupidTests */ = {
			isa = PBXNativeTarget;
			buildConfigurationList = 00E357021AD99517003FC87E /* Build configuration list for PBXNativeTarget "CupidTests" */;
			buildPhases = (
				42D734682F3096B80E915F10 /* [CP] Check Pods Manifest.lock */,
				00E356EA1AD99517003FC87E /* Sources */,
				00E356EB1AD99517003FC87E /* Frameworks */,
				00E356EC1AD99517003FC87E /* Resources */,
			);
			buildRules = (
			);
			dependencies = (
				00E356F51AD99517003FC87E /* PBXTargetDependency */,
			);
			name = CupidTests;
			productName = BeenTogetherTests;
			productReference = 00E356EE1AD99517003FC87E /* CupidTests.xctest */;
			productType = "com.apple.product-type.bundle.unit-test";
		};
		13B07F861A680F5B00A75B9A /* Cupid */ = {
			isa = PBXNativeTarget;
			buildConfigurationList = 13B07F931A680F5B00A75B9A /* Build configuration list for PBXNativeTarget "Cupid" */;
			buildPhases = (
				D1478092B52E59F0B674A9C5 /* [CP] Check Pods Manifest.lock */,
				FD10A7F022414F080027D42C /* Start Packager */,
				13B07F871A680F5B00A75B9A /* Sources */,
				13B07F8C1A680F5B00A75B9A /* Frameworks */,
				13B07F8E1A680F5B00A75B9A /* Resources */,
				00DD1BFF1BD5951E006B06BC /* Bundle React Native code and images */,
				9A61F91828B49A63B565851F /* [CP] Copy Pods Resources */,
				7FB507DF236FCC6000A00CF6 /* Carthage */,
				7FB507E0236FCC7C00A00CF6 /* SwiftLint */,
				7FB507E1236FCC8C00A00CF6 /* SwiftGen */,
			);
			buildRules = (
			);
			dependencies = (
			);
			name = Cupid;
			productName = BeenTogether;
			productReference = 13B07F961A680F5B00A75B9A /* Cupid.app */;
			productType = "com.apple.product-type.application";
		};
		2D02E47A1E0B4A5D006451C7 /* Cupid-tvOS */ = {
			isa = PBXNativeTarget;
			buildConfigurationList = 2D02E4BA1E0B4A5E006451C7 /* Build configuration list for PBXNativeTarget "Cupid-tvOS" */;
			buildPhases = (
				6B701E795F0293B6C423E4AF /* [CP] Check Pods Manifest.lock */,
				FD10A7F122414F3F0027D42C /* Start Packager */,
				2D02E4771E0B4A5D006451C7 /* Sources */,
				2D02E4781E0B4A5D006451C7 /* Frameworks */,
				2D02E4791E0B4A5D006451C7 /* Resources */,
				2D02E4CB1E0B4B27006451C7 /* Bundle React Native Code And Images */,
			);
			buildRules = (
			);
			dependencies = (
			);
			name = "Cupid-tvOS";
			productName = "BeenTogether-tvOS";
			productReference = 2D02E47B1E0B4A5D006451C7 /* Cupid-tvOS.app */;
			productType = "com.apple.product-type.application";
		};
		2D02E48F1E0B4A5D006451C7 /* Cupid-tvOSTests */ = {
			isa = PBXNativeTarget;
			buildConfigurationList = 2D02E4BB1E0B4A5E006451C7 /* Build configuration list for PBXNativeTarget "Cupid-tvOSTests" */;
			buildPhases = (
				4834EAB16E8B94B465E195CA /* [CP] Check Pods Manifest.lock */,
				2D02E48C1E0B4A5D006451C7 /* Sources */,
				2D02E48D1E0B4A5D006451C7 /* Frameworks */,
				2D02E48E1E0B4A5D006451C7 /* Resources */,
			);
			buildRules = (
			);
			dependencies = (
				2D02E4921E0B4A5D006451C7 /* PBXTargetDependency */,
			);
			name = "Cupid-tvOSTests";
			productName = "BeenTogether-tvOSTests";
			productReference = 2D02E4901E0B4A5D006451C7 /* Cupid-tvOSTests.xctest */;
			productType = "com.apple.product-type.bundle.unit-test";
		};
/* End PBXNativeTarget section */

/* Begin PBXProject section */
		83CBB9F71A601CBA00E9B192 /* Project object */ = {
			isa = PBXProject;
			attributes = {
				LastUpgradeCheck = 0940;
				ORGANIZATIONNAME = Facebook;
				TargetAttributes = {
					00E356ED1AD99517003FC87E = {
						CreatedOnToolsVersion = 6.2;
						TestTargetID = 13B07F861A680F5B00A75B9A;
					};
					13B07F861A680F5B00A75B9A = {
						DevelopmentTeam = H2MYGJSW7B;
						LastSwiftMigration = 1100;
						ProvisioningStyle = Automatic;
					};
					2D02E47A1E0B4A5D006451C7 = {
						CreatedOnToolsVersion = 8.2.1;
						ProvisioningStyle = Automatic;
					};
					2D02E48F1E0B4A5D006451C7 = {
						CreatedOnToolsVersion = 8.2.1;
						ProvisioningStyle = Automatic;
						TestTargetID = 2D02E47A1E0B4A5D006451C7;
					};
				};
			};
			buildConfigurationList = 83CBB9FA1A601CBA00E9B192 /* Build configuration list for PBXProject "Cupid" */;
			compatibilityVersion = "Xcode 3.2";
			developmentRegion = English;
			hasScannedForEncodings = 0;
			knownRegions = (
				English,
				Base,
				en,
			);
			mainGroup = 83CBB9F61A601CBA00E9B192;
			productRefGroup = 83CBBA001A601CBA00E9B192 /* Products */;
			projectDirPath = "";
			projectRoot = "";
			targets = (
				13B07F861A680F5B00A75B9A /* Cupid */,
				00E356ED1AD99517003FC87E /* CupidTests */,
				2D02E47A1E0B4A5D006451C7 /* Cupid-tvOS */,
				2D02E48F1E0B4A5D006451C7 /* Cupid-tvOSTests */,
			);
		};
/* End PBXProject section */

/* Begin PBXResourcesBuildPhase section */
		00E356EC1AD99517003FC87E /* Resources */ = {
			isa = PBXResourcesBuildPhase;
			buildActionMask = 2147483647;
			files = (
			);
			runOnlyForDeploymentPostprocessing = 0;
		};
		13B07F8E1A680F5B00A75B9A /* Resources */ = {
			isa = PBXResourcesBuildPhase;
			buildActionMask = 2147483647;
			files = (
				7F5D1C84236FC452005A4961 /* Profile.storyboard in Resources */,
				B68E249F2392720A0014A53E /* Home.storyboard in Resources */,
				6F4C6A7523981CEC00F4FB4D /* EventCollectionViewCell.xib in Resources */,
				7F5D1C4A236FC39C005A4961 /* MainTabBar.storyboard in Resources */,
				7F5D1C5D236FC429005A4961 /* Task.storyboard in Resources */,
				7F5D1C34236FBE7C005A4961 /* LaunchScreen.xib in Resources */,
				6F846FD3239570C1008C03D3 /* Event.storyboard in Resources */,
				7FF7E7A2236FDA09006AC2BF /* Localizable.strings in Resources */,
				B68E248B2392712B0014A53E /* Message.storyboard in Resources */,
				7F5D1C70236FC441005A4961 /* Dating.storyboard in Resources */,
				13B07FBF1A68108700A75B9A /* Images.xcassets in Resources */,
				B68E246323924AC10014A53E /* GoogleService-Info.plist in Resources */,
				7FB507DB236FCB3400A00CF6 /* Loading.storyboard in Resources */,
			);
			runOnlyForDeploymentPostprocessing = 0;
		};
		2D02E4791E0B4A5D006451C7 /* Resources */ = {
			isa = PBXResourcesBuildPhase;
			buildActionMask = 2147483647;
			files = (
				2D02E4BD1E0B4A84006451C7 /* Images.xcassets in Resources */,
			);
			runOnlyForDeploymentPostprocessing = 0;
		};
		2D02E48E1E0B4A5D006451C7 /* Resources */ = {
			isa = PBXResourcesBuildPhase;
			buildActionMask = 2147483647;
			files = (
			);
			runOnlyForDeploymentPostprocessing = 0;
		};
/* End PBXResourcesBuildPhase section */

/* Begin PBXShellScriptBuildPhase section */
		00DD1BFF1BD5951E006B06BC /* Bundle React Native code and images */ = {
			isa = PBXShellScriptBuildPhase;
			buildActionMask = 2147483647;
			files = (
			);
			inputPaths = (
			);
			name = "Bundle React Native code and images";
			outputPaths = (
			);
			runOnlyForDeploymentPostprocessing = 0;
			shellPath = /bin/sh;
			shellScript = "export NODE_BINARY=node\n../node_modules/react-native/scripts/react-native-xcode.sh\n";
		};
		2D02E4CB1E0B4B27006451C7 /* Bundle React Native Code And Images */ = {
			isa = PBXShellScriptBuildPhase;
			buildActionMask = 2147483647;
			files = (
			);
			inputPaths = (
			);
			name = "Bundle React Native Code And Images";
			outputPaths = (
			);
			runOnlyForDeploymentPostprocessing = 0;
			shellPath = /bin/sh;
			shellScript = "export NODE_BINARY=node\n../node_modules/react-native/scripts/react-native-xcode.sh";
		};
		42D734682F3096B80E915F10 /* [CP] Check Pods Manifest.lock */ = {
			isa = PBXShellScriptBuildPhase;
			buildActionMask = 2147483647;
			files = (
			);
			inputFileListPaths = (
			);
			inputPaths = (
				"${PODS_PODFILE_DIR_PATH}/Podfile.lock",
				"${PODS_ROOT}/Manifest.lock",
			);
			name = "[CP] Check Pods Manifest.lock";
			outputFileListPaths = (
			);
			outputPaths = (
				"$(DERIVED_FILE_DIR)/Pods-CupidTests-checkManifestLockResult.txt",
			);
			runOnlyForDeploymentPostprocessing = 0;
			shellPath = /bin/sh;
			shellScript = "diff \"${PODS_PODFILE_DIR_PATH}/Podfile.lock\" \"${PODS_ROOT}/Manifest.lock\" > /dev/null\nif [ $? != 0 ] ; then\n    # print error to STDERR\n    echo \"error: The sandbox is not in sync with the Podfile.lock. Run 'pod install' or update your CocoaPods installation.\" >&2\n    exit 1\nfi\n# This output is used by Xcode 'outputs' to avoid re-running this script phase.\necho \"SUCCESS\" > \"${SCRIPT_OUTPUT_FILE_0}\"\n";
			showEnvVarsInLog = 0;
		};
		4834EAB16E8B94B465E195CA /* [CP] Check Pods Manifest.lock */ = {
			isa = PBXShellScriptBuildPhase;
			buildActionMask = 2147483647;
			files = (
			);
			inputFileListPaths = (
			);
			inputPaths = (
				"${PODS_PODFILE_DIR_PATH}/Podfile.lock",
				"${PODS_ROOT}/Manifest.lock",
			);
			name = "[CP] Check Pods Manifest.lock";
			outputFileListPaths = (
			);
			outputPaths = (
				"$(DERIVED_FILE_DIR)/Pods-Cupid-tvOSTests-checkManifestLockResult.txt",
			);
			runOnlyForDeploymentPostprocessing = 0;
			shellPath = /bin/sh;
			shellScript = "diff \"${PODS_PODFILE_DIR_PATH}/Podfile.lock\" \"${PODS_ROOT}/Manifest.lock\" > /dev/null\nif [ $? != 0 ] ; then\n    # print error to STDERR\n    echo \"error: The sandbox is not in sync with the Podfile.lock. Run 'pod install' or update your CocoaPods installation.\" >&2\n    exit 1\nfi\n# This output is used by Xcode 'outputs' to avoid re-running this script phase.\necho \"SUCCESS\" > \"${SCRIPT_OUTPUT_FILE_0}\"\n";
			showEnvVarsInLog = 0;
		};
		6B701E795F0293B6C423E4AF /* [CP] Check Pods Manifest.lock */ = {
			isa = PBXShellScriptBuildPhase;
			buildActionMask = 2147483647;
			files = (
			);
			inputFileListPaths = (
			);
			inputPaths = (
				"${PODS_PODFILE_DIR_PATH}/Podfile.lock",
				"${PODS_ROOT}/Manifest.lock",
			);
			name = "[CP] Check Pods Manifest.lock";
			outputFileListPaths = (
			);
			outputPaths = (
				"$(DERIVED_FILE_DIR)/Pods-Cupid-tvOS-checkManifestLockResult.txt",
			);
			runOnlyForDeploymentPostprocessing = 0;
			shellPath = /bin/sh;
			shellScript = "diff \"${PODS_PODFILE_DIR_PATH}/Podfile.lock\" \"${PODS_ROOT}/Manifest.lock\" > /dev/null\nif [ $? != 0 ] ; then\n    # print error to STDERR\n    echo \"error: The sandbox is not in sync with the Podfile.lock. Run 'pod install' or update your CocoaPods installation.\" >&2\n    exit 1\nfi\n# This output is used by Xcode 'outputs' to avoid re-running this script phase.\necho \"SUCCESS\" > \"${SCRIPT_OUTPUT_FILE_0}\"\n";
			showEnvVarsInLog = 0;
		};
		7FB507DF236FCC6000A00CF6 /* Carthage */ = {
			isa = PBXShellScriptBuildPhase;
			buildActionMask = 2147483647;
			files = (
			);
			inputFileListPaths = (
			);
			inputPaths = (
				"$(SRCROOT)/Carthage/Build/iOS/SwiftyJSON.framework",
				"$(SRCROOT)/Carthage/Build/iOS/XCGLogger.framework",
				"$(SRCROOT)/Carthage/Build/iOS/ObjcExceptionBridging.framework",
				"$(SRCROOT)/Carthage/Build/iOS/DeviceKit.framework",
			);
			name = Carthage;
			outputFileListPaths = (
			);
			outputPaths = (
				"$(BUILT_PRODUCTS_DIR)/$(FRAMEWORKS_FOLDER_PATH)/SwiftyJSON.framework",
				"$(BUILT_PRODUCTS_DIR)/$(FRAMEWORKS_FOLDER_PATH)/XCGLogger.framework",
				"$(BUILT_PRODUCTS_DIR)/$(FRAMEWORKS_FOLDER_PATH)/ObjcExceptionBridging.framework",
				"$(BUILT_PRODUCTS_DIR)/$(FRAMEWORKS_FOLDER_PATH)/DeviceKit.framework",
			);
			runOnlyForDeploymentPostprocessing = 0;
			shellPath = /bin/sh;
			shellScript = "/usr/local/bin/carthage copy-frameworks\n";
		};
		7FB507E0236FCC7C00A00CF6 /* SwiftLint */ = {
			isa = PBXShellScriptBuildPhase;
			buildActionMask = 2147483647;
			files = (
			);
			inputFileListPaths = (
			);
			inputPaths = (
			);
			name = SwiftLint;
			outputFileListPaths = (
			);
			outputPaths = (
			);
			runOnlyForDeploymentPostprocessing = 0;
			shellPath = /bin/sh;
			shellScript = "if which swiftlint >/dev/null; then\n    swiftlint\nelse\n    echo \"warning: SwiftLint not installed, download from https://github.com/realm/SwiftLint\"\nfi\n";
		};
		7FB507E1236FCC8C00A00CF6 /* SwiftGen */ = {
			isa = PBXShellScriptBuildPhase;
			buildActionMask = 2147483647;
			files = (
			);
			inputFileListPaths = (
			);
			inputPaths = (
			);
			name = SwiftGen;
			outputFileListPaths = (
			);
			outputPaths = (
			);
			runOnlyForDeploymentPostprocessing = 0;
			shellPath = /bin/sh;
			shellScript = "swiftgen config run\n";
		};
		9A61F91828B49A63B565851F /* [CP] Copy Pods Resources */ = {
			isa = PBXShellScriptBuildPhase;
			buildActionMask = 2147483647;
			files = (
			);
			inputPaths = (
				"${PODS_ROOT}/Target Support Files/Pods-Cupid/Pods-Cupid-resources.sh",
				"${PODS_CONFIGURATION_BUILD_DIR}/SwiftMessages/SwiftMessages.bundle",
				"${PODS_ROOT}/SwiftMoment/SwiftMoment/SwiftMoment/MomentFromNow.bundle",
			);
			name = "[CP] Copy Pods Resources";
			outputPaths = (
				"${TARGET_BUILD_DIR}/${UNLOCALIZED_RESOURCES_FOLDER_PATH}/SwiftMessages.bundle",
				"${TARGET_BUILD_DIR}/${UNLOCALIZED_RESOURCES_FOLDER_PATH}/MomentFromNow.bundle",
			);
			runOnlyForDeploymentPostprocessing = 0;
			shellPath = /bin/sh;
			shellScript = "\"${PODS_ROOT}/Target Support Files/Pods-Cupid/Pods-Cupid-resources.sh\"\n";
			showEnvVarsInLog = 0;
		};
		D1478092B52E59F0B674A9C5 /* [CP] Check Pods Manifest.lock */ = {
			isa = PBXShellScriptBuildPhase;
			buildActionMask = 2147483647;
			files = (
			);
			inputFileListPaths = (
			);
			inputPaths = (
				"${PODS_PODFILE_DIR_PATH}/Podfile.lock",
				"${PODS_ROOT}/Manifest.lock",
			);
			name = "[CP] Check Pods Manifest.lock";
			outputFileListPaths = (
			);
			outputPaths = (
				"$(DERIVED_FILE_DIR)/Pods-Cupid-checkManifestLockResult.txt",
			);
			runOnlyForDeploymentPostprocessing = 0;
			shellPath = /bin/sh;
			shellScript = "diff \"${PODS_PODFILE_DIR_PATH}/Podfile.lock\" \"${PODS_ROOT}/Manifest.lock\" > /dev/null\nif [ $? != 0 ] ; then\n    # print error to STDERR\n    echo \"error: The sandbox is not in sync with the Podfile.lock. Run 'pod install' or update your CocoaPods installation.\" >&2\n    exit 1\nfi\n# This output is used by Xcode 'outputs' to avoid re-running this script phase.\necho \"SUCCESS\" > \"${SCRIPT_OUTPUT_FILE_0}\"\n";
			showEnvVarsInLog = 0;
		};
		FD10A7F022414F080027D42C /* Start Packager */ = {
			isa = PBXShellScriptBuildPhase;
			buildActionMask = 2147483647;
			files = (
			);
			inputFileListPaths = (
			);
			inputPaths = (
			);
			name = "Start Packager";
			outputFileListPaths = (
			);
			outputPaths = (
			);
			runOnlyForDeploymentPostprocessing = 0;
			shellPath = /bin/sh;
			shellScript = "export RCT_METRO_PORT=\"${RCT_METRO_PORT:=8081}\"\necho \"export RCT_METRO_PORT=${RCT_METRO_PORT}\" > \"${SRCROOT}/../node_modules/react-native/scripts/.packager.env\"\nif [ -z \"${RCT_NO_LAUNCH_PACKAGER+xxx}\" ] ; then\n  if nc -w 5 -z localhost ${RCT_METRO_PORT} ; then\n    if ! curl -s \"http://localhost:${RCT_METRO_PORT}/status\" | grep -q \"packager-status:running\" ; then\n      echo \"Port ${RCT_METRO_PORT} already in use, packager is either not running or not running correctly\"\n      exit 2\n    fi\n  else\n    open \"$SRCROOT/../node_modules/react-native/scripts/launchPackager.command\" || echo \"Can't start packager automatically\"\n  fi\nfi\n";
			showEnvVarsInLog = 0;
		};
		FD10A7F122414F3F0027D42C /* Start Packager */ = {
			isa = PBXShellScriptBuildPhase;
			buildActionMask = 2147483647;
			files = (
			);
			inputFileListPaths = (
			);
			inputPaths = (
			);
			name = "Start Packager";
			outputFileListPaths = (
			);
			outputPaths = (
			);
			runOnlyForDeploymentPostprocessing = 0;
			shellPath = /bin/sh;
			shellScript = "export RCT_METRO_PORT=\"${RCT_METRO_PORT:=8081}\"\necho \"export RCT_METRO_PORT=${RCT_METRO_PORT}\" > \"${SRCROOT}/../node_modules/react-native/scripts/.packager.env\"\nif [ -z \"${RCT_NO_LAUNCH_PACKAGER+xxx}\" ] ; then\n  if nc -w 5 -z localhost ${RCT_METRO_PORT} ; then\n    if ! curl -s \"http://localhost:${RCT_METRO_PORT}/status\" | grep -q \"packager-status:running\" ; then\n      echo \"Port ${RCT_METRO_PORT} already in use, packager is either not running or not running correctly\"\n      exit 2\n    fi\n  else\n    open \"$SRCROOT/../node_modules/react-native/scripts/launchPackager.command\" || echo \"Can't start packager automatically\"\n  fi\nfi\n";
			showEnvVarsInLog = 0;
		};
/* End PBXShellScriptBuildPhase section */

/* Begin PBXSourcesBuildPhase section */
		00E356EA1AD99517003FC87E /* Sources */ = {
			isa = PBXSourcesBuildPhase;
			buildActionMask = 2147483647;
			files = (
				00E356F31AD99517003FC87E /* BeenTogetherTests.m in Sources */,
			);
			runOnlyForDeploymentPostprocessing = 0;
		};
		13B07F871A680F5B00A75B9A /* Sources */ = {
			isa = PBXSourcesBuildPhase;
			buildActionMask = 2147483647;
			files = (
				B68E24902392712B0014A53E /* TextMessage.swift in Sources */,
				B6972B342393D04E002EE07B /* ImageMessageCell.swift in Sources */,
				7F5D1C5E236FC429005A4961 /* TaskViewModel.swift in Sources */,
				B68E24922392712B0014A53E /* MessageTableView.swift in Sources */,
				7F5D1C4B236FC39C005A4961 /* MainTabBarViewController.swift in Sources */,
				7FF7E78E236FD722006AC2BF /* ScrollViewExt.swift in Sources */,
				6F4C6A70239818BC00F4FB4D /* EventViewController.swift in Sources */,
				B607DB332399523E00C7509F /* MapAnotation.swift in Sources */,
				46B83CA723867E990040D1F1 /* DateExts.swift in Sources */,
				7FB507DD236FCB3400A00CF6 /* LoadingViewController.swift in Sources */,
				B68E245823922C860014A53E /* MessageRepository.swift in Sources */,
				7F5D1C49236FC39C005A4961 /* MainTabBarViewModel.swift in Sources */,
				B6E2E2E32362A7F7001046E5 /* UIViewExts.swift in Sources */,
				7FF7E7A7236FDA36006AC2BF /* L10n-Constants.swift in Sources */,
				7F5D1C31236FBD5B005A4961 /* UserRemoteDataSource.swift in Sources */,
				B68E248F2392712B0014A53E /* ActionsView.swift in Sources */,
				B607DB3123994CC900C7509F /* LocationViewModel.swift in Sources */,
				B68CD03B239B95E2000BA1D8 /* EmojiCell.swift in Sources */,
				B607DB2E239949BB00C7509F /* LocationViewController.swift in Sources */,
				B68E24982392712B0014A53E /* MessageViewController.swift in Sources */,
				7FF7E78B236FD718006AC2BF /* StoryboardExt.swift in Sources */,
				6F4C6A7423981CEC00F4FB4D /* EventCollectionViewCell.swift in Sources */,
				7F5D1C6F236FC441005A4961 /* DatingViewController.swift in Sources */,
				B68CD034239B3FDC000BA1D8 /* LocationNavigator.swift in Sources */,
				7F5D1C72236FC441005A4961 /* DatingNavigator.swift in Sources */,
				7F5D1C30236FBD5B005A4961 /* UserLocalDataSource.swift in Sources */,
				B6F4F919234737E8002B7B36 /* AppDelegate.swift in Sources */,
				B68E24942392712B0014A53E /* InputToolBar.swift in Sources */,
				B68E24A02392720A0014A53E /* HomeViewController.swift in Sources */,
				7FF7E793236FD7E1006AC2BF /* Logger.swift in Sources */,
				7F5D1C82236FC452005A4961 /* ProfileNavigator.swift in Sources */,
				B68E249B239271630014A53E /* Bubble.swift in Sources */,
				7F5D1C5C236FC429005A4961 /* TaskNavigator.swift in Sources */,
				7FF7E797236FD7EE006AC2BF /* AppService.swift in Sources */,
				B68E24992392712B0014A53E /* MessageNavigator.swift in Sources */,
				B68E24972392712B0014A53E /* MessageView.swift in Sources */,
				B6B9D121239559F0003527B4 /* MessageStatusIndicator.swift in Sources */,
				7F5D1C5F236FC429005A4961 /* TaskViewController.swift in Sources */,
				B6E2E2ED2362F561001046E5 /* Avatar.swift in Sources */,
				B6559E75239A978B00FD6893 /* LocationServices.swift in Sources */,
				7F5D1C2F236FBD5B005A4961 /* UserRepository.swift in Sources */,
				B68CD036239B8A75000BA1D8 /* LoverLocationViewer.swift in Sources */,
				B68E245F239235620014A53E /* APIConfig.swift in Sources */,
				7FF7E791236FD7AC006AC2BF /* TableViewExt.swift in Sources */,
				B68E24962392712B0014A53E /* InputView.swift in Sources */,
				7F5D1C32236FBD5B005A4961 /* User.swift in Sources */,
				7FF7E795236FD7E7006AC2BF /* Constants.swift in Sources */,
				B68E245A23922EE60014A53E /* MessageRemoteDataSource.swift in Sources */,
				B68E24952392712B0014A53E /* GalleryImage.swift in Sources */,
				B68E248C2392712B0014A53E /* SmartChat.swift in Sources */,
				7F5D1C83236FC452005A4961 /* ProfileViewModel.swift in Sources */,
				7F5D1C4C236FC39C005A4961 /* MainTabBarNavigator.swift in Sources */,
				B68E24912392712B0014A53E /* GalleryInput.swift in Sources */,
				7F5D1C85236FC452005A4961 /* ProfileViewController.swift in Sources */,
				B67252272397FC1E00E13339 /* RemoteMessage.swift in Sources */,
				B68E24932392712B0014A53E /* TextMessageCell.swift in Sources */,
				B6972B362393D0AD002EE07B /* ImageMessage.swift in Sources */,
				B68E245D239230420014A53E /* MessageApi.swift in Sources */,
				B68E248A2392712B0014A53E /* MessageViewModel.swift in Sources */,
				B6E2E2E72362AB73001046E5 /* UIColorExts.swift in Sources */,
				7FF7E78F236FD722006AC2BF /* CollectionViewExt.swift in Sources */,
				7F5D1C71236FC441005A4961 /* DatingViewModel.swift in Sources */,
				B68E248E2392712B0014A53E /* SCUser.swift in Sources */,
				B68E248D2392712B0014A53E /* Message.swift in Sources */,
				7FB507DA236FCB3400A00CF6 /* LoadingNavigator.swift in Sources */,
				B68CD039239B95D2000BA1D8 /* EmojiCollection.swift in Sources */,
				7FB507DC236FCB3400A00CF6 /* LoadingViewModel.swift in Sources */,
			);
			runOnlyForDeploymentPostprocessing = 0;
		};
		2D02E4771E0B4A5D006451C7 /* Sources */ = {
			isa = PBXSourcesBuildPhase;
			buildActionMask = 2147483647;
			files = (
			);
			runOnlyForDeploymentPostprocessing = 0;
		};
		2D02E48C1E0B4A5D006451C7 /* Sources */ = {
			isa = PBXSourcesBuildPhase;
			buildActionMask = 2147483647;
			files = (
				2DCD954D1E0B4F2C00145EB5 /* BeenTogetherTests.m in Sources */,
			);
			runOnlyForDeploymentPostprocessing = 0;
		};
/* End PBXSourcesBuildPhase section */

/* Begin PBXTargetDependency section */
		00E356F51AD99517003FC87E /* PBXTargetDependency */ = {
			isa = PBXTargetDependency;
			target = 13B07F861A680F5B00A75B9A /* Cupid */;
			targetProxy = 00E356F41AD99517003FC87E /* PBXContainerItemProxy */;
		};
		2D02E4921E0B4A5D006451C7 /* PBXTargetDependency */ = {
			isa = PBXTargetDependency;
			target = 2D02E47A1E0B4A5D006451C7 /* Cupid-tvOS */;
			targetProxy = 2D02E4911E0B4A5D006451C7 /* PBXContainerItemProxy */;
		};
/* End PBXTargetDependency section */

/* Begin PBXVariantGroup section */
		7FF7E7A4236FDA09006AC2BF /* Localizable.strings */ = {
			isa = PBXVariantGroup;
			children = (
				7FF7E7A3236FDA09006AC2BF /* en */,
			);
			name = Localizable.strings;
			sourceTree = "<group>";
		};
/* End PBXVariantGroup section */

/* Begin XCBuildConfiguration section */
		00E356F61AD99517003FC87E /* Debug */ = {
			isa = XCBuildConfiguration;
			baseConfigurationReference = 1201022ECF81D73CE24AB605 /* Pods-CupidTests.debug.xcconfig */;
			buildSettings = {
				ALWAYS_EMBED_SWIFT_STANDARD_LIBRARIES = YES;
				BUNDLE_LOADER = "$(TEST_HOST)";
				GCC_PREPROCESSOR_DEFINITIONS = (
					"DEBUG=1",
					"$(inherited)",
				);
				INFOPLIST_FILE = BeenTogetherTests/Info.plist;
				IPHONEOS_DEPLOYMENT_TARGET = 9.0;
				LD_RUNPATH_SEARCH_PATHS = "$(inherited) @executable_path/Frameworks @loader_path/Frameworks";
				OTHER_LDFLAGS = (
					"-ObjC",
					"-lc++",
					"$(inherited)",
				);
				PRODUCT_BUNDLE_IDENTIFIER = "org.reactjs.native.example.$(PRODUCT_NAME:rfc1034identifier)";
				PRODUCT_NAME = "$(TARGET_NAME)";
				TEST_HOST = "$(BUILT_PRODUCTS_DIR)/Cupid.app/Cupid";
			};
			name = Debug;
		};
		00E356F71AD99517003FC87E /* Release */ = {
			isa = XCBuildConfiguration;
			baseConfigurationReference = 50F40441CB0C3AB88992F5E4 /* Pods-CupidTests.release.xcconfig */;
			buildSettings = {
				ALWAYS_EMBED_SWIFT_STANDARD_LIBRARIES = YES;
				BUNDLE_LOADER = "$(TEST_HOST)";
				COPY_PHASE_STRIP = NO;
				INFOPLIST_FILE = BeenTogetherTests/Info.plist;
				IPHONEOS_DEPLOYMENT_TARGET = 9.0;
				LD_RUNPATH_SEARCH_PATHS = "$(inherited) @executable_path/Frameworks @loader_path/Frameworks";
				OTHER_LDFLAGS = (
					"-ObjC",
					"-lc++",
					"$(inherited)",
				);
				PRODUCT_BUNDLE_IDENTIFIER = "org.reactjs.native.example.$(PRODUCT_NAME:rfc1034identifier)";
				PRODUCT_NAME = "$(TARGET_NAME)";
				TEST_HOST = "$(BUILT_PRODUCTS_DIR)/Cupid.app/Cupid";
			};
			name = Release;
		};
		13B07F941A680F5B00A75B9A /* Debug */ = {
			isa = XCBuildConfiguration;
			baseConfigurationReference = 81847AFE4797956372E759F9 /* Pods-Cupid.debug.xcconfig */;
			buildSettings = {
				ASSETCATALOG_COMPILER_APPICON_NAME = AppIcon;
				CLANG_ENABLE_MODULES = YES;
				CODE_SIGN_IDENTITY = "Apple Development";
				CODE_SIGN_STYLE = Automatic;
				CURRENT_PROJECT_VERSION = 1;
				DEAD_CODE_STRIPPING = NO;
				DEVELOPMENT_TEAM = "";
				FRAMEWORK_SEARCH_PATHS = (
					"$(inherited)",
					"$(PROJECT_DIR)/Carthage/Build/iOS",
				);
				INFOPLIST_FILE = "$(SRCROOT)/Supporting Files/Info.plist";
				LD_RUNPATH_SEARCH_PATHS = "$(inherited) @executable_path/Frameworks";
				OTHER_LDFLAGS = (
					"$(inherited)",
					"-ObjC",
					"-lc++",
				);
				PRODUCT_BUNDLE_IDENTIFIER = com.tm.cupid;
				PRODUCT_NAME = Cupid;
				PROVISIONING_PROFILE_SPECIFIER = "";
				SWIFT_OBJC_BRIDGING_HEADER = "Supporting Files/BeenTogether-Bridging-Header.h";
				SWIFT_OPTIMIZATION_LEVEL = "-Onone";
				SWIFT_VERSION = 5.0;
				TARGETED_DEVICE_FAMILY = 1;
				VERSIONING_SYSTEM = "apple-generic";
			};
			name = Debug;
		};
		13B07F951A680F5B00A75B9A /* Release */ = {
			isa = XCBuildConfiguration;
			baseConfigurationReference = C403D03DD73EEE6412F64DB0 /* Pods-Cupid.release.xcconfig */;
			buildSettings = {
				ASSETCATALOG_COMPILER_APPICON_NAME = AppIcon;
				CLANG_ENABLE_MODULES = YES;
				CODE_SIGN_IDENTITY = "Apple Development";
				CODE_SIGN_STYLE = Automatic;
				CURRENT_PROJECT_VERSION = 1;
				DEVELOPMENT_TEAM = "";
				FRAMEWORK_SEARCH_PATHS = (
					"$(inherited)",
					"$(PROJECT_DIR)/Carthage/Build/iOS",
				);
				INFOPLIST_FILE = "$(SRCROOT)/Supporting Files/Info.plist";
				LD_RUNPATH_SEARCH_PATHS = "$(inherited) @executable_path/Frameworks";
				OTHER_LDFLAGS = (
					"$(inherited)",
					"-ObjC",
					"-lc++",
				);
				PRODUCT_BUNDLE_IDENTIFIER = com.tm.cupid;
				PRODUCT_NAME = Cupid;
				PROVISIONING_PROFILE_SPECIFIER = "";
				SWIFT_OBJC_BRIDGING_HEADER = "Supporting Files/BeenTogether-Bridging-Header.h";
				SWIFT_VERSION = 5.0;
				TARGETED_DEVICE_FAMILY = 1;
				VERSIONING_SYSTEM = "apple-generic";
			};
			name = Release;
		};
		2D02E4971E0B4A5E006451C7 /* Debug */ = {
			isa = XCBuildConfiguration;
			baseConfigurationReference = 2C48C8D9AEF93AEEC7E9BB9F /* Pods-Cupid-tvOS.debug.xcconfig */;
			buildSettings = {
				ASSETCATALOG_COMPILER_APPICON_NAME = "App Icon & Top Shelf Image";
				ASSETCATALOG_COMPILER_LAUNCHIMAGE_NAME = LaunchImage;
				CLANG_ANALYZER_NONNULL = YES;
				CLANG_WARN_DOCUMENTATION_COMMENTS = YES;
				CLANG_WARN_INFINITE_RECURSION = YES;
				CLANG_WARN_SUSPICIOUS_MOVE = YES;
				DEBUG_INFORMATION_FORMAT = dwarf;
				ENABLE_TESTABILITY = YES;
				GCC_NO_COMMON_BLOCKS = YES;
				INFOPLIST_FILE = "BeenTogether-tvOS/Info.plist";
				LD_RUNPATH_SEARCH_PATHS = "$(inherited) @executable_path/Frameworks";
				OTHER_LDFLAGS = (
					"$(inherited)",
					"-ObjC",
					"-lc++",
				);
				PRODUCT_BUNDLE_IDENTIFIER = "com.facebook.REACT.BeenTogether-tvOS";
				PRODUCT_NAME = "$(TARGET_NAME)";
				SDKROOT = appletvos;
				TARGETED_DEVICE_FAMILY = 3;
				TVOS_DEPLOYMENT_TARGET = 9.2;
			};
			name = Debug;
		};
		2D02E4981E0B4A5E006451C7 /* Release */ = {
			isa = XCBuildConfiguration;
			baseConfigurationReference = D5763673876EA0C5CE568C13 /* Pods-Cupid-tvOS.release.xcconfig */;
			buildSettings = {
				ASSETCATALOG_COMPILER_APPICON_NAME = "App Icon & Top Shelf Image";
				ASSETCATALOG_COMPILER_LAUNCHIMAGE_NAME = LaunchImage;
				CLANG_ANALYZER_NONNULL = YES;
				CLANG_WARN_DOCUMENTATION_COMMENTS = YES;
				CLANG_WARN_INFINITE_RECURSION = YES;
				CLANG_WARN_SUSPICIOUS_MOVE = YES;
				COPY_PHASE_STRIP = NO;
				DEBUG_INFORMATION_FORMAT = "dwarf-with-dsym";
				GCC_NO_COMMON_BLOCKS = YES;
				INFOPLIST_FILE = "BeenTogether-tvOS/Info.plist";
				LD_RUNPATH_SEARCH_PATHS = "$(inherited) @executable_path/Frameworks";
				OTHER_LDFLAGS = (
					"$(inherited)",
					"-ObjC",
					"-lc++",
				);
				PRODUCT_BUNDLE_IDENTIFIER = "com.facebook.REACT.BeenTogether-tvOS";
				PRODUCT_NAME = "$(TARGET_NAME)";
				SDKROOT = appletvos;
				TARGETED_DEVICE_FAMILY = 3;
				TVOS_DEPLOYMENT_TARGET = 9.2;
			};
			name = Release;
		};
		2D02E4991E0B4A5E006451C7 /* Debug */ = {
			isa = XCBuildConfiguration;
			baseConfigurationReference = 9939EFA61F59F675BBCE3ECC /* Pods-Cupid-tvOSTests.debug.xcconfig */;
			buildSettings = {
				BUNDLE_LOADER = "$(TEST_HOST)";
				CLANG_ANALYZER_NONNULL = YES;
				CLANG_WARN_DOCUMENTATION_COMMENTS = YES;
				CLANG_WARN_INFINITE_RECURSION = YES;
				CLANG_WARN_SUSPICIOUS_MOVE = YES;
				DEBUG_INFORMATION_FORMAT = dwarf;
				ENABLE_TESTABILITY = YES;
				GCC_NO_COMMON_BLOCKS = YES;
				INFOPLIST_FILE = "BeenTogether-tvOSTests/Info.plist";
				LD_RUNPATH_SEARCH_PATHS = "$(inherited) @executable_path/Frameworks @loader_path/Frameworks";
				OTHER_LDFLAGS = (
					"$(inherited)",
					"-ObjC",
					"-lc++",
				);
				PRODUCT_BUNDLE_IDENTIFIER = "com.facebook.REACT.BeenTogether-tvOSTests";
				PRODUCT_NAME = "$(TARGET_NAME)";
				SDKROOT = appletvos;
				TEST_HOST = "$(BUILT_PRODUCTS_DIR)/Cupid-tvOS.app/Cupid-tvOS";
				TVOS_DEPLOYMENT_TARGET = 10.1;
			};
			name = Debug;
		};
		2D02E49A1E0B4A5E006451C7 /* Release */ = {
			isa = XCBuildConfiguration;
			baseConfigurationReference = 5CC0C1EB72A73FDCB598FAC9 /* Pods-Cupid-tvOSTests.release.xcconfig */;
			buildSettings = {
				BUNDLE_LOADER = "$(TEST_HOST)";
				CLANG_ANALYZER_NONNULL = YES;
				CLANG_WARN_DOCUMENTATION_COMMENTS = YES;
				CLANG_WARN_INFINITE_RECURSION = YES;
				CLANG_WARN_SUSPICIOUS_MOVE = YES;
				COPY_PHASE_STRIP = NO;
				DEBUG_INFORMATION_FORMAT = "dwarf-with-dsym";
				GCC_NO_COMMON_BLOCKS = YES;
				INFOPLIST_FILE = "BeenTogether-tvOSTests/Info.plist";
				LD_RUNPATH_SEARCH_PATHS = "$(inherited) @executable_path/Frameworks @loader_path/Frameworks";
				OTHER_LDFLAGS = (
					"$(inherited)",
					"-ObjC",
					"-lc++",
				);
				PRODUCT_BUNDLE_IDENTIFIER = "com.facebook.REACT.BeenTogether-tvOSTests";
				PRODUCT_NAME = "$(TARGET_NAME)";
				SDKROOT = appletvos;
				TEST_HOST = "$(BUILT_PRODUCTS_DIR)/Cupid-tvOS.app/Cupid-tvOS";
				TVOS_DEPLOYMENT_TARGET = 10.1;
			};
			name = Release;
		};
		83CBBA201A601CBA00E9B192 /* Debug */ = {
			isa = XCBuildConfiguration;
			buildSettings = {
				ALWAYS_SEARCH_USER_PATHS = NO;
				CLANG_CXX_LANGUAGE_STANDARD = "gnu++0x";
				CLANG_CXX_LIBRARY = "libc++";
				CLANG_ENABLE_MODULES = YES;
				CLANG_ENABLE_OBJC_ARC = YES;
				CLANG_WARN_BLOCK_CAPTURE_AUTORELEASING = YES;
				CLANG_WARN_BOOL_CONVERSION = YES;
				CLANG_WARN_COMMA = YES;
				CLANG_WARN_CONSTANT_CONVERSION = YES;
				CLANG_WARN_DEPRECATED_OBJC_IMPLEMENTATIONS = YES;
				CLANG_WARN_DIRECT_OBJC_ISA_USAGE = YES_ERROR;
				CLANG_WARN_EMPTY_BODY = YES;
				CLANG_WARN_ENUM_CONVERSION = YES;
				CLANG_WARN_INFINITE_RECURSION = YES;
				CLANG_WARN_INT_CONVERSION = YES;
				CLANG_WARN_NON_LITERAL_NULL_CONVERSION = YES;
				CLANG_WARN_OBJC_IMPLICIT_RETAIN_SELF = YES;
				CLANG_WARN_OBJC_LITERAL_CONVERSION = YES;
				CLANG_WARN_OBJC_ROOT_CLASS = YES_ERROR;
				CLANG_WARN_RANGE_LOOP_ANALYSIS = YES;
				CLANG_WARN_STRICT_PROTOTYPES = YES;
				CLANG_WARN_SUSPICIOUS_MOVE = YES;
				CLANG_WARN_UNREACHABLE_CODE = YES;
				CLANG_WARN__DUPLICATE_METHOD_MATCH = YES;
				"CODE_SIGN_IDENTITY[sdk=iphoneos*]" = "iPhone Developer";
				COPY_PHASE_STRIP = NO;
				ENABLE_STRICT_OBJC_MSGSEND = YES;
				ENABLE_TESTABILITY = YES;
				GCC_C_LANGUAGE_STANDARD = gnu99;
				GCC_DYNAMIC_NO_PIC = NO;
				GCC_NO_COMMON_BLOCKS = YES;
				GCC_OPTIMIZATION_LEVEL = 0;
				GCC_PREPROCESSOR_DEFINITIONS = (
					"DEBUG=1",
					"$(inherited)",
				);
				GCC_SYMBOLS_PRIVATE_EXTERN = NO;
				GCC_WARN_64_TO_32_BIT_CONVERSION = YES;
				GCC_WARN_ABOUT_RETURN_TYPE = YES_ERROR;
				GCC_WARN_UNDECLARED_SELECTOR = YES;
				GCC_WARN_UNINITIALIZED_AUTOS = YES_AGGRESSIVE;
				GCC_WARN_UNUSED_FUNCTION = YES;
				GCC_WARN_UNUSED_VARIABLE = YES;
				IPHONEOS_DEPLOYMENT_TARGET = 11.0;
				MTL_ENABLE_DEBUG_INFO = YES;
				ONLY_ACTIVE_ARCH = YES;
				SDKROOT = iphoneos;
			};
			name = Debug;
		};
		83CBBA211A601CBA00E9B192 /* Release */ = {
			isa = XCBuildConfiguration;
			buildSettings = {
				ALWAYS_SEARCH_USER_PATHS = NO;
				CLANG_CXX_LANGUAGE_STANDARD = "gnu++0x";
				CLANG_CXX_LIBRARY = "libc++";
				CLANG_ENABLE_MODULES = YES;
				CLANG_ENABLE_OBJC_ARC = YES;
				CLANG_WARN_BLOCK_CAPTURE_AUTORELEASING = YES;
				CLANG_WARN_BOOL_CONVERSION = YES;
				CLANG_WARN_COMMA = YES;
				CLANG_WARN_CONSTANT_CONVERSION = YES;
				CLANG_WARN_DEPRECATED_OBJC_IMPLEMENTATIONS = YES;
				CLANG_WARN_DIRECT_OBJC_ISA_USAGE = YES_ERROR;
				CLANG_WARN_EMPTY_BODY = YES;
				CLANG_WARN_ENUM_CONVERSION = YES;
				CLANG_WARN_INFINITE_RECURSION = YES;
				CLANG_WARN_INT_CONVERSION = YES;
				CLANG_WARN_NON_LITERAL_NULL_CONVERSION = YES;
				CLANG_WARN_OBJC_IMPLICIT_RETAIN_SELF = YES;
				CLANG_WARN_OBJC_LITERAL_CONVERSION = YES;
				CLANG_WARN_OBJC_ROOT_CLASS = YES_ERROR;
				CLANG_WARN_RANGE_LOOP_ANALYSIS = YES;
				CLANG_WARN_STRICT_PROTOTYPES = YES;
				CLANG_WARN_SUSPICIOUS_MOVE = YES;
				CLANG_WARN_UNREACHABLE_CODE = YES;
				CLANG_WARN__DUPLICATE_METHOD_MATCH = YES;
				"CODE_SIGN_IDENTITY[sdk=iphoneos*]" = "iPhone Developer";
				COPY_PHASE_STRIP = YES;
				ENABLE_NS_ASSERTIONS = NO;
				ENABLE_STRICT_OBJC_MSGSEND = YES;
				GCC_C_LANGUAGE_STANDARD = gnu99;
				GCC_NO_COMMON_BLOCKS = YES;
				GCC_WARN_64_TO_32_BIT_CONVERSION = YES;
				GCC_WARN_ABOUT_RETURN_TYPE = YES_ERROR;
				GCC_WARN_UNDECLARED_SELECTOR = YES;
				GCC_WARN_UNINITIALIZED_AUTOS = YES_AGGRESSIVE;
				GCC_WARN_UNUSED_FUNCTION = YES;
				GCC_WARN_UNUSED_VARIABLE = YES;
				IPHONEOS_DEPLOYMENT_TARGET = 11.0;
				MTL_ENABLE_DEBUG_INFO = NO;
				SDKROOT = iphoneos;
				VALIDATE_PRODUCT = YES;
			};
			name = Release;
		};
/* End XCBuildConfiguration section */

/* Begin XCConfigurationList section */
		00E357021AD99517003FC87E /* Build configuration list for PBXNativeTarget "CupidTests" */ = {
			isa = XCConfigurationList;
			buildConfigurations = (
				00E356F61AD99517003FC87E /* Debug */,
				00E356F71AD99517003FC87E /* Release */,
			);
			defaultConfigurationIsVisible = 0;
			defaultConfigurationName = Release;
		};
		13B07F931A680F5B00A75B9A /* Build configuration list for PBXNativeTarget "Cupid" */ = {
			isa = XCConfigurationList;
			buildConfigurations = (
				13B07F941A680F5B00A75B9A /* Debug */,
				13B07F951A680F5B00A75B9A /* Release */,
			);
			defaultConfigurationIsVisible = 0;
			defaultConfigurationName = Release;
		};
		2D02E4BA1E0B4A5E006451C7 /* Build configuration list for PBXNativeTarget "Cupid-tvOS" */ = {
			isa = XCConfigurationList;
			buildConfigurations = (
				2D02E4971E0B4A5E006451C7 /* Debug */,
				2D02E4981E0B4A5E006451C7 /* Release */,
			);
			defaultConfigurationIsVisible = 0;
			defaultConfigurationName = Release;
		};
		2D02E4BB1E0B4A5E006451C7 /* Build configuration list for PBXNativeTarget "Cupid-tvOSTests" */ = {
			isa = XCConfigurationList;
			buildConfigurations = (
				2D02E4991E0B4A5E006451C7 /* Debug */,
				2D02E49A1E0B4A5E006451C7 /* Release */,
			);
			defaultConfigurationIsVisible = 0;
			defaultConfigurationName = Release;
		};
		83CBB9FA1A601CBA00E9B192 /* Build configuration list for PBXProject "Cupid" */ = {
			isa = XCConfigurationList;
			buildConfigurations = (
				83CBBA201A601CBA00E9B192 /* Debug */,
				83CBBA211A601CBA00E9B192 /* Release */,
			);
			defaultConfigurationIsVisible = 0;
			defaultConfigurationName = Release;
		};
/* End XCConfigurationList section */
	};
	rootObject = 83CBB9F71A601CBA00E9B192 /* Project object */;
}
